
Microsoft Visual Studio Solution File, Format Version 12.00
# Visual Studio Version 17
Project("{8BC9CEB8-8B4A-11D0-8D11-00A0C91BC942}") = "ALL_BUILD", "ALL_BUILD.vcxproj", "{856728F5-6024-3A63-BA14-CF9084BDEF0C}"
	ProjectSection(ProjectDependencies) = postProject
		{C357CBEE-1D8A-3834-9B30-E8489834684F} = {C357CBEE-1D8A-3834-9B30-E8489834684F}
		{555102BA-3381-33E2-81A8-0BB56E355CB2} = {555102BA-3381-33E2-81A8-0BB56E355CB2}
		{5016C513-B5D7-3840-8BB0-2EDE5CC12302} = {5016C513-B5D7-3840-8BB0-2EDE5CC12302}
		{4905A501-69AA-3303-A446-AE1D311D47CF} = {4905A501-69AA-3303-A446-AE1D311D47CF}
		{F8BA89DC-39C5-3BD2-9ED4-DA7AA3601AAA} = {F8BA89DC-39C5-3BD2-9ED4-DA7AA3601AAA}
		{C7738026-F55B-3F52-907B-EBEA298F0BF0} = {C7738026-F55B-3F52-907B-EBEA298F0BF0}
		{B2227B3C-9111-34C9-8BD8-09F1E811E7D5} = {B2227B3C-9111-34C9-8BD8-09F1E811E7D5}
		{215B6D1B-2077-37C0-914A-944ACB908305} = {215B6D1B-2077-37C0-914A-944ACB908305}
		{812CFA01-3FBC-35BF-AEC2-511CC522C4C8} = {812CFA01-3FBC-35BF-AEC2-511CC522C4C8}
		{CC6C2540-29CF-3231-9972-2BB0C5AED751} = {CC6C2540-29CF-3231-9972-2BB0C5AED751}
		{873E9C70-5B7E-3A42-A2D6-D2493D6C59FD} = {873E9C70-5B7E-3A42-A2D6-D2493D6C59FD}
		{0D4D1996-9BCB-3A35-AA88-290C45725C5C} = {0D4D1996-9BCB-3A35-AA88-290C45725C5C}
		{FFFCFACD-01A3-3346-9785-A1A080EA131A} = {FFFCFACD-01A3-3346-9785-A1A080EA131A}
		{17D03F17-9C97-33E0-843E-88035AFFC925} = {17D03F17-9C97-33E0-843E-88035AFFC925}
		{648144E0-B4A2-3160-94E7-EA37BFC878F7} = {648144E0-B4A2-3160-94E7-EA37BFC878F7}
		{C57FC628-BDD7-35A7-AA69-4018688CA076} = {C57FC628-BDD7-35A7-AA69-4018688CA076}
		{9FDAB5BE-9CF5-3BB9-B1BD-9C22A3D4CB2F} = {9FDAB5BE-9CF5-3BB9-B1BD-9C22A3D4CB2F}
		{B15C1AC7-9E8A-352B-9AF4-66D5AF516272} = {B15C1AC7-9E8A-352B-9AF4-66D5AF516272}
		{E03E7C5B-5BCC-3403-BD8C-5B3B0054B85C} = {E03E7C5B-5BCC-3403-BD8C-5B3B0054B85C}
		{157DADE1-9839-3BB3-99BA-27722D923A5D} = {157DADE1-9839-3BB3-99BA-27722D923A5D}
		{B6F98888-C717-3C94-BA12-9333F8E80C04} = {B6F98888-C717-3C94-BA12-9333F8E80C04}
		{BC8476A0-ECA3-31F8-B698-40F561C15D58} = {BC8476A0-ECA3-31F8-B698-40F561C15D58}
		{49CE0C6C-E4F5-391B-8EBC-77F6100CBDBA} = {49CE0C6C-E4F5-391B-8EBC-77F6100CBDBA}
		{486CCC8C-108D-39E7-B7D5-D7C8B08F1BE6} = {486CCC8C-108D-39E7-B7D5-D7C8B08F1BE6}
		{661C23FA-888F-35AA-90F4-0164C46459C8} = {661C23FA-888F-35AA-90F4-0164C46459C8}
		{8C67A67A-08B2-3BAA-B6EA-DF4B95137FD8} = {8C67A67A-08B2-3BAA-B6EA-DF4B95137FD8}
		{A7D7F450-5740-3E5C-BFF1-723319BC186B} = {A7D7F450-5740-3E5C-BFF1-723319BC186B}
		{4E3BDB59-2A0A-30A7-8DAF-DBD1C42DD892} = {4E3BDB59-2A0A-30A7-8DAF-DBD1C42DD892}
		{D8CE7F42-6EA0-3056-8A56-A4030DB8123D} = {D8CE7F42-6EA0-3056-8A56-A4030DB8123D}
		{DD822487-BE86-3C09-880E-F121F229CB8B} = {DD822487-BE86-3C09-880E-F121F229CB8B}
		{A6D685C2-84EF-384C-8585-1AB1EAB1B925} = {A6D685C2-84EF-384C-8585-1AB1EAB1B925}
		{66A162D2-750F-300B-8B4B-8D542B4A14C5} = {66A162D2-750F-300B-8B4B-8D542B4A14C5}
		{8C9A3ABE-B22C-3CDB-A1D4-9FAA7F809760} = {8C9A3ABE-B22C-3CDB-A1D4-9FAA7F809760}
		{C7E2D25F-7D52-3515-AC1B-9E141E7F14F7} = {C7E2D25F-7D52-3515-AC1B-9E141E7F14F7}
		{6D9AF11F-1BB7-3E4C-BC58-86FC8231C993} = {6D9AF11F-1BB7-3E4C-BC58-86FC8231C993}
		{CE4464E5-FE72-3DA8-82E8-D1E4D2628B68} = {CE4464E5-FE72-3DA8-82E8-D1E4D2628B68}
		{2B18D1C9-BEBC-3F93-9629-9DB6585944CC} = {2B18D1C9-BEBC-3F93-9629-9DB6585944CC}
		{F325AD1C-7699-34C9-96F0-135254D919EC} = {F325AD1C-7699-34C9-96F0-135254D919EC}
		{B5208486-8ADB-3F8D-871E-09202EF90A2D} = {B5208486-8ADB-3F8D-871E-09202EF90A2D}
		{1879904F-FB42-330B-BC62-ABAE2ABD8560} = {1879904F-FB42-330B-BC62-ABAE2ABD8560}
		{FFDBD59D-0A67-3BF1-9580-9C4EAE5506D5} = {FFDBD59D-0A67-3BF1-9580-9C4EAE5506D5}
		{555D0FFD-1B8B-30BC-A342-E8A40AC6B0BF} = {555D0FFD-1B8B-30BC-A342-E8A40AC6B0BF}
		{ACC4A094-D54A-3121-A3AC-4AD1257CF2AF} = {ACC4A094-D54A-3121-A3AC-4AD1257CF2AF}
		{E27C5B4A-BDC9-3CF8-8507-34A200B7DE3F} = {E27C5B4A-BDC9-3CF8-8507-34A200B7DE3F}
		{C7AC62A9-AD48-35FE-8CEF-74B7A98E4EE6} = {C7AC62A9-AD48-35FE-8CEF-74B7A98E4EE6}
		{0CF8D890-48F4-3F2A-93BD-438B1CE567CE} = {0CF8D890-48F4-3F2A-93BD-438B1CE567CE}
		{0443E62F-588C-3A7F-B5B2-6D566D2840F5} = {0443E62F-588C-3A7F-B5B2-6D566D2840F5}
		{ED4FAAA3-B74B-38B2-9E15-0669B82D06B3} = {ED4FAAA3-B74B-38B2-9E15-0669B82D06B3}
		{4A87D8BD-ECF7-3070-A229-526885DCF1A6} = {4A87D8BD-ECF7-3070-A229-526885DCF1A6}
		{5CAE544C-8B27-3145-B822-E1C7AC4FA5FA} = {5CAE544C-8B27-3145-B822-E1C7AC4FA5FA}
		{AB49DEE4-1043-3F7D-AFC4-4C549F1A7A4E} = {AB49DEE4-1043-3F7D-AFC4-4C549F1A7A4E}
		{4774D6A7-A787-3EE1-838C-2E4BE9AD9AE4} = {4774D6A7-A787-3EE1-838C-2E4BE9AD9AE4}
		{4172653A-E640-3393-870B-EF701F09F2B3} = {4172653A-E640-3393-870B-EF701F09F2B3}
		{8E42E1BE-B41B-35FC-8D92-9900E43E48F0} = {8E42E1BE-B41B-35FC-8D92-9900E43E48F0}
		{28253966-E97B-32F9-BF85-2878943A118E} = {28253966-E97B-32F9-BF85-2878943A118E}
		{6BDB9EE1-34C3-3FF9-9F79-4368182FD085} = {6BDB9EE1-34C3-3FF9-9F79-4368182FD085}
		{54734ADC-83A5-3282-8753-93DAFBD4E465} = {54734ADC-83A5-3282-8753-93DAFBD4E465}
		{2A2B314F-BAFC-3604-A229-88B419D8BBF9} = {2A2B314F-BAFC-3604-A229-88B419D8BBF9}
		{836FCA6D-9CA3-31E8-BB0E-B196278AB7E1} = {836FCA6D-9CA3-31E8-BB0E-B196278AB7E1}
		{BA8A5EBD-C83B-3C56-BBA9-F73CA6E5A7A5} = {BA8A5EBD-C83B-3C56-BBA9-F73CA6E5A7A5}
		{64CAFCA0-71BF-3B71-9776-FA6913F98166} = {64CAFCA0-71BF-3B71-9776-FA6913F98166}
		{F29C9087-E28F-30E3-9333-814CD5E48ECB} = {F29C9087-E28F-30E3-9333-814CD5E48ECB}
		{BBBEDA1C-D0D7-3C7F-B8D9-B324E18977B0} = {BBBEDA1C-D0D7-3C7F-B8D9-B324E18977B0}
		{76E1FC1E-2EF1-3B11-AEA4-583039CE8504} = {76E1FC1E-2EF1-3B11-AEA4-583039CE8504}
		{992EDC7D-AAD3-3684-9D1F-6CAB8DCCC86C} = {992EDC7D-AAD3-3684-9D1F-6CAB8DCCC86C}
		{09210ADD-594B-32D8-963A-A5AD8A8AB70A} = {09210ADD-594B-32D8-963A-A5AD8A8AB70A}
		{107BF3A4-F908-31AA-9B9B-1870432D4C22} = {107BF3A4-F908-31AA-9B9B-1870432D4C22}
		{BB82F573-37BD-3B42-8103-6201E15C0BE4} = {BB82F573-37BD-3B42-8103-6201E15C0BE4}
		{CD43C1B7-25C6-3DEC-A67B-324E55369258} = {CD43C1B7-25C6-3DEC-A67B-324E55369258}
		{0526E313-79EB-3082-9131-F7AB4172D7DA} = {0526E313-79EB-3082-9131-F7AB4172D7DA}
		{C86A223F-6A0E-3445-9640-97D7FC73DEA6} = {C86A223F-6A0E-3445-9640-97D7FC73DEA6}
		{CDA4139B-8917-3CBE-87BD-778AEF2FFBAA} = {CDA4139B-8917-3CBE-87BD-778AEF2FFBAA}
		{D42093C1-5613-34BA-B439-4B6055EF0D5C} = {D42093C1-5613-34BA-B439-4B6055EF0D5C}
		{C9B69C18-EA58-38B9-A295-478C96854D24} = {C9B69C18-EA58-38B9-A295-478C96854D24}
		{78F5DA20-EED6-35B9-ABA3-BF058204CE96} = {78F5DA20-EED6-35B9-ABA3-BF058204CE96}
		{6BBA2309-AFCC-3DF8-8630-3EF6FC5CD25D} = {6BBA2309-AFCC-3DF8-8630-3EF6FC5CD25D}
		{94AA1E40-CFA2-33A1-B969-30BF20233625} = {94AA1E40-CFA2-33A1-B969-30BF20233625}
		{2B031A9B-3B3E-34FC-BA2C-BB2592168283} = {2B031A9B-3B3E-34FC-BA2C-BB2592168283}
		{C41BF9B5-226A-39EE-A43F-11FEA2142E05} = {C41BF9B5-226A-39EE-A43F-11FEA2142E05}
		{74AC9582-691D-3DDA-9276-D1505FC42541} = {74AC9582-691D-3DDA-9276-D1505FC42541}
		{40039ECE-8097-3CE0-9549-96C38E8B7960} = {40039ECE-8097-3CE0-9549-96C38E8B7960}
		{DB3098B6-6CFA-3AB7-BD88-6064A6BFF1B2} = {DB3098B6-6CFA-3AB7-BD88-6064A6BFF1B2}
		{4195F487-E517-387A-8936-DE055525D321} = {4195F487-E517-387A-8936-DE055525D321}
		{E9EB5D3E-6AC0-3BCE-8D5A-5C572E2B6108} = {E9EB5D3E-6AC0-3BCE-8D5A-5C572E2B6108}
	EndProjectSection
EndProject
Project("{8BC9CEB8-8B4A-11D0-8D11-00A0C91BC942}") = "ZERO_CHECK", "ZERO_CHECK.vcxproj", "{C357CBEE-1D8A-3834-9B30-E8489834684F}"
	ProjectSection(ProjectDependencies) = postProject
	EndProjectSection
EndProject
Project("{8BC9CEB8-8B4A-11D0-8D11-00A0C91BC942}") = "alienrain", "alienrain.vcxproj", "{555102BA-3381-33E2-81A8-0BB56E355CB2}"
	ProjectSection(ProjectDependencies) = postProject
		{C357CBEE-1D8A-3834-9B30-E8489834684F} = {C357CBEE-1D8A-3834-9B30-E8489834684F}
		{64CAFCA0-71BF-3B71-9776-FA6913F98166} = {64CAFCA0-71BF-3B71-9776-FA6913F98166}
	EndProjectSection
EndProject
Project("{8BC9CEB8-8B4A-11D0-8D11-00A0C91BC942}") = "basicfbo", "basicfbo.vcxproj", "{5016C513-B5D7-3840-8BB0-2EDE5CC12302}"
	ProjectSection(ProjectDependencies) = postProject
		{C357CBEE-1D8A-3834-9B30-E8489834684F} = {C357CBEE-1D8A-3834-9B30-E8489834684F}
		{64CAFCA0-71BF-3B71-9776-FA6913F98166} = {64CAFCA0-71BF-3B71-9776-FA6913F98166}
	EndProjectSection
EndProject
Project("{8BC9CEB8-8B4A-11D0-8D11-00A0C91BC942}") = "bindlesstex", "bindlesstex.vcxproj", "{4905A501-69AA-3303-A446-AE1D311D47CF}"
	ProjectSection(ProjectDependencies) = postProject
		{C357CBEE-1D8A-3834-9B30-E8489834684F} = {C357CBEE-1D8A-3834-9B30-E8489834684F}
		{64CAFCA0-71BF-3B71-9776-FA6913F98166} = {64CAFCA0-71BF-3B71-9776-FA6913F98166}
	EndProjectSection
EndProject
Project("{8BC9CEB8-8B4A-11D0-8D11-00A0C91BC942}") = "blendmatrix", "blendmatrix.vcxproj", "{F8BA89DC-39C5-3BD2-9ED4-DA7AA3601AAA}"
	ProjectSection(ProjectDependencies) = postProject
		{C357CBEE-1D8A-3834-9B30-E8489834684F} = {C357CBEE-1D8A-3834-9B30-E8489834684F}
		{64CAFCA0-71BF-3B71-9776-FA6913F98166} = {64CAFCA0-71BF-3B71-9776-FA6913F98166}
	EndProjectSection
EndProject
Project("{8BC9CEB8-8B4A-11D0-8D11-00A0C91BC942}") = "blinnphong", "blinnphong.vcxproj", "{C7738026-F55B-3F52-907B-EBEA298F0BF0}"
	ProjectSection(ProjectDependencies) = postProject
		{C357CBEE-1D8A-3834-9B30-E8489834684F} = {C357CBEE-1D8A-3834-9B30-E8489834684F}
		{64CAFCA0-71BF-3B71-9776-FA6913F98166} = {64CAFCA0-71BF-3B71-9776-FA6913F98166}
	EndProjectSection
EndProject
Project("{8BC9CEB8-8B4A-11D0-8D11-00A0C91BC942}") = "bumpmapping", "bumpmapping.vcxproj", "{B2227B3C-9111-34C9-8BD8-09F1E811E7D5}"
	ProjectSection(ProjectDependencies) = postProject
		{C357CBEE-1D8A-3834-9B30-E8489834684F} = {C357CBEE-1D8A-3834-9B30-E8489834684F}
		{64CAFCA0-71BF-3B71-9776-FA6913F98166} = {64CAFCA0-71BF-3B71-9776-FA6913F98166}
	EndProjectSection
EndProject
Project("{8BC9CEB8-8B4A-11D0-8D11-00A0C91BC942}") = "clipdistance", "clipdistance.vcxproj", "{215B6D1B-2077-37C0-914A-944ACB908305}"
	ProjectSection(ProjectDependencies) = postProject
		{C357CBEE-1D8A-3834-9B30-E8489834684F} = {C357CBEE-1D8A-3834-9B30-E8489834684F}
		{64CAFCA0-71BF-3B71-9776-FA6913F98166} = {64CAFCA0-71BF-3B71-9776-FA6913F98166}
	EndProjectSection
EndProject
Project("{8BC9CEB8-8B4A-11D0-8D11-00A0C91BC942}") = "compressrgtc", "compressrgtc.vcxproj", "{812CFA01-3FBC-35BF-AEC2-511CC522C4C8}"
	ProjectSection(ProjectDependencies) = postProject
		{C357CBEE-1D8A-3834-9B30-E8489834684F} = {C357CBEE-1D8A-3834-9B30-E8489834684F}
		{64CAFCA0-71BF-3B71-9776-FA6913F98166} = {64CAFCA0-71BF-3B71-9776-FA6913F98166}
	EndProjectSection
EndProject
Project("{8BC9CEB8-8B4A-11D0-8D11-00A0C91BC942}") = "csflocking", "csflocking.vcxproj", "{CC6C2540-29CF-3231-9972-2BB0C5AED751}"
	ProjectSection(ProjectDependencies) = postProject
		{C357CBEE-1D8A-3834-9B30-E8489834684F} = {C357CBEE-1D8A-3834-9B30-E8489834684F}
		{64CAFCA0-71BF-3B71-9776-FA6913F98166} = {64CAFCA0-71BF-3B71-9776-FA6913F98166}
	EndProjectSection
EndProject
Project("{8BC9CEB8-8B4A-11D0-8D11-00A0C91BC942}") = "cubemapenv", "cubemapenv.vcxproj", "{873E9C70-5B7E-3A42-A2D6-D2493D6C59FD}"
	ProjectSection(ProjectDependencies) = postProject
		{C357CBEE-1D8A-3834-9B30-E8489834684F} = {C357CBEE-1D8A-3834-9B30-E8489834684F}
		{64CAFCA0-71BF-3B71-9776-FA6913F98166} = {64CAFCA0-71BF-3B71-9776-FA6913F98166}
	EndProjectSection
EndProject
Project("{8BC9CEB8-8B4A-11D0-8D11-00A0C91BC942}") = "cubicbezier", "cubicbezier.vcxproj", "{0D4D1996-9BCB-3A35-AA88-290C45725C5C}"
	ProjectSection(ProjectDependencies) = postProject
		{C357CBEE-1D8A-3834-9B30-E8489834684F} = {C357CBEE-1D8A-3834-9B30-E8489834684F}
		{64CAFCA0-71BF-3B71-9776-FA6913F98166} = {64CAFCA0-71BF-3B71-9776-FA6913F98166}
	EndProjectSection
EndProject
Project("{8BC9CEB8-8B4A-11D0-8D11-00A0C91BC942}") = "cullindirect", "cullindirect.vcxproj", "{FFFCFACD-01A3-3346-9785-A1A080EA131A}"
	ProjectSection(ProjectDependencies) = postProject
		{C357CBEE-1D8A-3834-9B30-E8489834684F} = {C357CBEE-1D8A-3834-9B30-E8489834684F}
		{64CAFCA0-71BF-3B71-9776-FA6913F98166} = {64CAFCA0-71BF-3B71-9776-FA6913F98166}
	EndProjectSection
EndProject
Project("{8BC9CEB8-8B4A-11D0-8D11-00A0C91BC942}") = "debug", "debug.vcxproj", "{ABA27F7B-2325-30BC-A1CE-DCA00C67E76B}"
	ProjectSection(ProjectDependencies) = postProject
		{C357CBEE-1D8A-3834-9B30-E8489834684F} = {C357CBEE-1D8A-3834-9B30-E8489834684F}
	EndProjectSection
EndProject
Project("{8BC9CEB8-8B4A-11D0-8D11-00A0C91BC942}") = "deferredshading", "deferredshading.vcxproj", "{17D03F17-9C97-33E0-843E-88035AFFC925}"
	ProjectSection(ProjectDependencies) = postProject
		{C357CBEE-1D8A-3834-9B30-E8489834684F} = {C357CBEE-1D8A-3834-9B30-E8489834684F}
		{64CAFCA0-71BF-3B71-9776-FA6913F98166} = {64CAFCA0-71BF-3B71-9776-FA6913F98166}
	EndProjectSection
EndProject
Project("{8BC9CEB8-8B4A-11D0-8D11-00A0C91BC942}") = "depthclamp", "depthclamp.vcxproj", "{648144E0-B4A2-3160-94E7-EA37BFC878F7}"
	ProjectSection(ProjectDependencies) = postProject
		{C357CBEE-1D8A-3834-9B30-E8489834684F} = {C357CBEE-1D8A-3834-9B30-E8489834684F}
		{64CAFCA0-71BF-3B71-9776-FA6913F98166} = {64CAFCA0-71BF-3B71-9776-FA6913F98166}
	EndProjectSection
EndProject
Project("{8BC9CEB8-8B4A-11D0-8D11-00A0C91BC942}") = "dflandscape", "dflandscape.vcxproj", "{C57FC628-BDD7-35A7-AA69-4018688CA076}"
	ProjectSection(ProjectDependencies) = postProject
		{C357CBEE-1D8A-3834-9B30-E8489834684F} = {C357CBEE-1D8A-3834-9B30-E8489834684F}
		{64CAFCA0-71BF-3B71-9776-FA6913F98166} = {64CAFCA0-71BF-3B71-9776-FA6913F98166}
	EndProjectSection
EndProject
Project("{8BC9CEB8-8B4A-11D0-8D11-00A0C91BC942}") = "dispmap", "dispmap.vcxproj", "{9FDAB5BE-9CF5-3BB9-B1BD-9C22A3D4CB2F}"
	ProjectSection(ProjectDependencies) = postProject
		{C357CBEE-1D8A-3834-9B30-E8489834684F} = {C357CBEE-1D8A-3834-9B30-E8489834684F}
		{64CAFCA0-71BF-3B71-9776-FA6913F98166} = {64CAFCA0-71BF-3B71-9776-FA6913F98166}
	EndProjectSection
EndProject
Project("{8BC9CEB8-8B4A-11D0-8D11-00A0C91BC942}") = "dof", "dof.vcxproj", "{B15C1AC7-9E8A-352B-9AF4-66D5AF516272}"
	ProjectSection(ProjectDependencies) = postProject
		{C357CBEE-1D8A-3834-9B30-E8489834684F} = {C357CBEE-1D8A-3834-9B30-E8489834684F}
		{64CAFCA0-71BF-3B71-9776-FA6913F98166} = {64CAFCA0-71BF-3B71-9776-FA6913F98166}
	EndProjectSection
EndProject
Project("{8BC9CEB8-8B4A-11D0-8D11-00A0C91BC942}") = "envmapsphere", "envmapsphere.vcxproj", "{E03E7C5B-5BCC-3403-BD8C-5B3B0054B85C}"
	ProjectSection(ProjectDependencies) = postProject
		{C357CBEE-1D8A-3834-9B30-E8489834684F} = {C357CBEE-1D8A-3834-9B30-E8489834684F}
		{64CAFCA0-71BF-3B71-9776-FA6913F98166} = {64CAFCA0-71BF-3B71-9776-FA6913F98166}
	EndProjectSection
EndProject
Project("{8BC9CEB8-8B4A-11D0-8D11-00A0C91BC942}") = "equirectangular", "equirectangular.vcxproj", "{157DADE1-9839-3BB3-99BA-27722D923A5D}"
	ProjectSection(ProjectDependencies) = postProject
		{C357CBEE-1D8A-3834-9B30-E8489834684F} = {C357CBEE-1D8A-3834-9B30-E8489834684F}
		{64CAFCA0-71BF-3B71-9776-FA6913F98166} = {64CAFCA0-71BF-3B71-9776-FA6913F98166}
	EndProjectSection
EndProject
Project("{8BC9CEB8-8B4A-11D0-8D11-00A0C91BC942}") = "fontdemo", "fontdemo.vcxproj", "{B6F98888-C717-3C94-BA12-9333F8E80C04}"
	ProjectSection(ProjectDependencies) = postProject
		{C357CBEE-1D8A-3834-9B30-E8489834684F} = {C357CBEE-1D8A-3834-9B30-E8489834684F}
		{64CAFCA0-71BF-3B71-9776-FA6913F98166} = {64CAFCA0-71BF-3B71-9776-FA6913F98166}
	EndProjectSection
EndProject
Project("{8BC9CEB8-8B4A-11D0-8D11-00A0C91BC942}") = "fragcolorfrompos", "fragcolorfrompos.vcxproj", "{BC8476A0-ECA3-31F8-B698-40F561C15D58}"
	ProjectSection(ProjectDependencies) = postProject
		{C357CBEE-1D8A-3834-9B30-E8489834684F} = {C357CBEE-1D8A-3834-9B30-E8489834684F}
		{64CAFCA0-71BF-3B71-9776-FA6913F98166} = {64CAFCA0-71BF-3B71-9776-FA6913F98166}
	EndProjectSection
EndProject
Project("{8BC9CEB8-8B4A-11D0-8D11-00A0C91BC942}") = "fragmentlist", "fragmentlist.vcxproj", "{49CE0C6C-E4F5-391B-8EBC-77F6100CBDBA}"
	ProjectSection(ProjectDependencies) = postProject
		{C357CBEE-1D8A-3834-9B30-E8489834684F} = {C357CBEE-1D8A-3834-9B30-E8489834684F}
		{64CAFCA0-71BF-3B71-9776-FA6913F98166} = {64CAFCA0-71BF-3B71-9776-FA6913F98166}
	EndProjectSection
EndProject
Project("{8BC9CEB8-8B4A-11D0-8D11-00A0C91BC942}") = "grass", "grass.vcxproj", "{486CCC8C-108D-39E7-B7D5-D7C8B08F1BE6}"
	ProjectSection(ProjectDependencies) = postProject
		{C357CBEE-1D8A-3834-9B30-E8489834684F} = {C357CBEE-1D8A-3834-9B30-E8489834684F}
		{64CAFCA0-71BF-3B71-9776-FA6913F98166} = {64CAFCA0-71BF-3B71-9776-FA6913F98166}
	EndProjectSection
EndProject
Project("{8BC9CEB8-8B4A-11D0-8D11-00A0C91BC942}") = "gsculling", "gsculling.vcxproj", "{661C23FA-888F-35AA-90F4-0164C46459C8}"
	ProjectSection(ProjectDependencies) = postProject
		{C357CBEE-1D8A-3834-9B30-E8489834684F} = {C357CBEE-1D8A-3834-9B30-E8489834684F}
		{64CAFCA0-71BF-3B71-9776-FA6913F98166} = {64CAFCA0-71BF-3B71-9776-FA6913F98166}
	EndProjectSection
EndProject
Project("{8BC9CEB8-8B4A-11D0-8D11-00A0C91BC942}") = "gslayered", "gslayered.vcxproj", "{8C67A67A-08B2-3BAA-B6EA-DF4B95137FD8}"
	ProjectSection(ProjectDependencies) = postProject
		{C357CBEE-1D8A-3834-9B30-E8489834684F} = {C357CBEE-1D8A-3834-9B30-E8489834684F}
		{64CAFCA0-71BF-3B71-9776-FA6913F98166} = {64CAFCA0-71BF-3B71-9776-FA6913F98166}
	EndProjectSection
EndProject
Project("{8BC9CEB8-8B4A-11D0-8D11-00A0C91BC942}") = "gsquads", "gsquads.vcxproj", "{A7D7F450-5740-3E5C-BFF1-723319BC186B}"
	ProjectSection(ProjectDependencies) = postProject
		{C357CBEE-1D8A-3834-9B30-E8489834684F} = {C357CBEE-1D8A-3834-9B30-E8489834684F}
		{64CAFCA0-71BF-3B71-9776-FA6913F98166} = {64CAFCA0-71BF-3B71-9776-FA6913F98166}
	EndProjectSection
EndProject
Project("{8BC9CEB8-8B4A-11D0-8D11-00A0C91BC942}") = "gstessellate", "gstessellate.vcxproj", "{4E3BDB59-2A0A-30A7-8DAF-DBD1C42DD892}"
	ProjectSection(ProjectDependencies) = postProject
		{C357CBEE-1D8A-3834-9B30-E8489834684F} = {C357CBEE-1D8A-3834-9B30-E8489834684F}
		{64CAFCA0-71BF-3B71-9776-FA6913F98166} = {64CAFCA0-71BF-3B71-9776-FA6913F98166}
	EndProjectSection
EndProject
Project("{8BC9CEB8-8B4A-11D0-8D11-00A0C91BC942}") = "hdrbloom", "hdrbloom.vcxproj", "{D8CE7F42-6EA0-3056-8A56-A4030DB8123D}"
	ProjectSection(ProjectDependencies) = postProject
		{C357CBEE-1D8A-3834-9B30-E8489834684F} = {C357CBEE-1D8A-3834-9B30-E8489834684F}
		{64CAFCA0-71BF-3B71-9776-FA6913F98166} = {64CAFCA0-71BF-3B71-9776-FA6913F98166}
	EndProjectSection
EndProject
Project("{8BC9CEB8-8B4A-11D0-8D11-00A0C91BC942}") = "hdrexposure", "hdrexposure.vcxproj", "{DD822487-BE86-3C09-880E-F121F229CB8B}"
	ProjectSection(ProjectDependencies) = postProject
		{C357CBEE-1D8A-3834-9B30-E8489834684F} = {C357CBEE-1D8A-3834-9B30-E8489834684F}
		{64CAFCA0-71BF-3B71-9776-FA6913F98166} = {64CAFCA0-71BF-3B71-9776-FA6913F98166}
	EndProjectSection
EndProject
Project("{8BC9CEB8-8B4A-11D0-8D11-00A0C91BC942}") = "hdrtonemap", "hdrtonemap.vcxproj", "{A6D685C2-84EF-384C-8585-1AB1EAB1B925}"
	ProjectSection(ProjectDependencies) = postProject
		{C357CBEE-1D8A-3834-9B30-E8489834684F} = {C357CBEE-1D8A-3834-9B30-E8489834684F}
		{64CAFCA0-71BF-3B71-9776-FA6913F98166} = {64CAFCA0-71BF-3B71-9776-FA6913F98166}
	EndProjectSection
EndProject
Project("{8BC9CEB8-8B4A-11D0-8D11-00A0C91BC942}") = "hqfilter", "hqfilter.vcxproj", "{66A162D2-750F-300B-8B4B-8D542B4A14C5}"
	ProjectSection(ProjectDependencies) = postProject
		{C357CBEE-1D8A-3834-9B30-E8489834684F} = {C357CBEE-1D8A-3834-9B30-E8489834684F}
		{64CAFCA0-71BF-3B71-9776-FA6913F98166} = {64CAFCA0-71BF-3B71-9776-FA6913F98166}
	EndProjectSection
EndProject
Project("{8BC9CEB8-8B4A-11D0-8D11-00A0C91BC942}") = "indexedcube", "indexedcube.vcxproj", "{8C9A3ABE-B22C-3CDB-A1D4-9FAA7F809760}"
	ProjectSection(ProjectDependencies) = postProject
		{C357CBEE-1D8A-3834-9B30-E8489834684F} = {C357CBEE-1D8A-3834-9B30-E8489834684F}
		{64CAFCA0-71BF-3B71-9776-FA6913F98166} = {64CAFCA0-71BF-3B71-9776-FA6913F98166}
	EndProjectSection
EndProject
Project("{8BC9CEB8-8B4A-11D0-8D11-00A0C91BC942}") = "indirectmaterial", "indirectmaterial.vcxproj", "{C7E2D25F-7D52-3515-AC1B-9E141E7F14F7}"
	ProjectSection(ProjectDependencies) = postProject
		{C357CBEE-1D8A-3834-9B30-E8489834684F} = {C357CBEE-1D8A-3834-9B30-E8489834684F}
		{64CAFCA0-71BF-3B71-9776-FA6913F98166} = {64CAFCA0-71BF-3B71-9776-FA6913F98166}
	EndProjectSection
EndProject
Project("{8BC9CEB8-8B4A-11D0-8D11-00A0C91BC942}") = "instancedattribs", "instancedattribs.vcxproj", "{6D9AF11F-1BB7-3E4C-BC58-86FC8231C993}"
	ProjectSection(ProjectDependencies) = postProject
		{C357CBEE-1D8A-3834-9B30-E8489834684F} = {C357CBEE-1D8A-3834-9B30-E8489834684F}
		{64CAFCA0-71BF-3B71-9776-FA6913F98166} = {64CAFCA0-71BF-3B71-9776-FA6913F98166}
	EndProjectSection
EndProject
Project("{8BC9CEB8-8B4A-11D0-8D11-00A0C91BC942}") = "julia", "julia.vcxproj", "{CE4464E5-FE72-3DA8-82E8-D1E4D2628B68}"
	ProjectSection(ProjectDependencies) = postProject
		{C357CBEE-1D8A-3834-9B30-E8489834684F} = {C357CBEE-1D8A-3834-9B30-E8489834684F}
		{64CAFCA0-71BF-3B71-9776-FA6913F98166} = {64CAFCA0-71BF-3B71-9776-FA6913F98166}
	EndProjectSection
EndProject
Project("{8BC9CEB8-8B4A-11D0-8D11-00A0C91BC942}") = "ktxview", "ktxview.vcxproj", "{2B18D1C9-BEBC-3F93-9629-9DB6585944CC}"
	ProjectSection(ProjectDependencies) = postProject
		{C357CBEE-1D8A-3834-9B30-E8489834684F} = {C357CBEE-1D8A-3834-9B30-E8489834684F}
		{64CAFCA0-71BF-3B71-9776-FA6913F98166} = {64CAFCA0-71BF-3B71-9776-FA6913F98166}
	EndProjectSection
EndProject
Project("{8BC9CEB8-8B4A-11D0-8D11-00A0C91BC942}") = "linesmooth", "linesmooth.vcxproj", "{F325AD1C-7699-34C9-96F0-135254D919EC}"
	ProjectSection(ProjectDependencies) = postProject
		{C357CBEE-1D8A-3834-9B30-E8489834684F} = {C357CBEE-1D8A-3834-9B30-E8489834684F}
		{64CAFCA0-71BF-3B71-9776-FA6913F98166} = {64CAFCA0-71BF-3B71-9776-FA6913F98166}
	EndProjectSection
EndProject
Project("{8BC9CEB8-8B4A-11D0-8D11-00A0C91BC942}") = "mirrorclampedge", "mirrorclampedge.vcxproj", "{B5208486-8ADB-3F8D-871E-09202EF90A2D}"
	ProjectSection(ProjectDependencies) = postProject
		{C357CBEE-1D8A-3834-9B30-E8489834684F} = {C357CBEE-1D8A-3834-9B30-E8489834684F}
		{64CAFCA0-71BF-3B71-9776-FA6913F98166} = {64CAFCA0-71BF-3B71-9776-FA6913F98166}
	EndProjectSection
EndProject
Project("{8BC9CEB8-8B4A-11D0-8D11-00A0C91BC942}") = "movingtri", "movingtri.vcxproj", "{1879904F-FB42-330B-BC62-ABAE2ABD8560}"
	ProjectSection(ProjectDependencies) = postProject
		{C357CBEE-1D8A-3834-9B30-E8489834684F} = {C357CBEE-1D8A-3834-9B30-E8489834684F}
		{64CAFCA0-71BF-3B71-9776-FA6913F98166} = {64CAFCA0-71BF-3B71-9776-FA6913F98166}
	EndProjectSection
EndProject
Project("{8BC9CEB8-8B4A-11D0-8D11-00A0C91BC942}") = "msaanative", "msaanative.vcxproj", "{FFDBD59D-0A67-3BF1-9580-9C4EAE5506D5}"
	ProjectSection(ProjectDependencies) = postProject
		{C357CBEE-1D8A-3834-9B30-E8489834684F} = {C357CBEE-1D8A-3834-9B30-E8489834684F}
		{64CAFCA0-71BF-3B71-9776-FA6913F98166} = {64CAFCA0-71BF-3B71-9776-FA6913F98166}
	EndProjectSection
EndProject
Project("{8BC9CEB8-8B4A-11D0-8D11-00A0C91BC942}") = "multidrawindirect", "multidrawindirect.vcxproj", "{555D0FFD-1B8B-30BC-A342-E8A40AC6B0BF}"
	ProjectSection(ProjectDependencies) = postProject
		{C357CBEE-1D8A-3834-9B30-E8489834684F} = {C357CBEE-1D8A-3834-9B30-E8489834684F}
		{64CAFCA0-71BF-3B71-9776-FA6913F98166} = {64CAFCA0-71BF-3B71-9776-FA6913F98166}
	EndProjectSection
EndProject
Project("{8BC9CEB8-8B4A-11D0-8D11-00A0C91BC942}") = "multiscissor", "multiscissor.vcxproj", "{ACC4A094-D54A-3121-A3AC-4AD1257CF2AF}"
	ProjectSection(ProjectDependencies) = postProject
		{C357CBEE-1D8A-3834-9B30-E8489834684F} = {C357CBEE-1D8A-3834-9B30-E8489834684F}
		{64CAFCA0-71BF-3B71-9776-FA6913F98166} = {64CAFCA0-71BF-3B71-9776-FA6913F98166}
	EndProjectSection
EndProject
Project("{8BC9CEB8-8B4A-11D0-8D11-00A0C91BC942}") = "multiviewport", "multiviewport.vcxproj", "{E27C5B4A-BDC9-3CF8-8507-34A200B7DE3F}"
	ProjectSection(ProjectDependencies) = postProject
		{C357CBEE-1D8A-3834-9B30-E8489834684F} = {C357CBEE-1D8A-3834-9B30-E8489834684F}
		{64CAFCA0-71BF-3B71-9776-FA6913F98166} = {64CAFCA0-71BF-3B71-9776-FA6913F98166}
	EndProjectSection
EndProject
Project("{8BC9CEB8-8B4A-11D0-8D11-00A0C91BC942}") = "noperspective", "noperspective.vcxproj", "{C7AC62A9-AD48-35FE-8CEF-74B7A98E4EE6}"
	ProjectSection(ProjectDependencies) = postProject
		{C357CBEE-1D8A-3834-9B30-E8489834684F} = {C357CBEE-1D8A-3834-9B30-E8489834684F}
		{64CAFCA0-71BF-3B71-9776-FA6913F98166} = {64CAFCA0-71BF-3B71-9776-FA6913F98166}
	EndProjectSection
EndProject
Project("{8BC9CEB8-8B4A-11D0-8D11-00A0C91BC942}") = "normalviewer", "normalviewer.vcxproj", "{0CF8D890-48F4-3F2A-93BD-438B1CE567CE}"
	ProjectSection(ProjectDependencies) = postProject
		{C357CBEE-1D8A-3834-9B30-E8489834684F} = {C357CBEE-1D8A-3834-9B30-E8489834684F}
		{64CAFCA0-71BF-3B71-9776-FA6913F98166} = {64CAFCA0-71BF-3B71-9776-FA6913F98166}
	EndProjectSection
EndProject
Project("{8BC9CEB8-8B4A-11D0-8D11-00A0C91BC942}") = "objectexploder", "objectexploder.vcxproj", "{0443E62F-588C-3A7F-B5B2-6D566D2840F5}"
	ProjectSection(ProjectDependencies) = postProject
		{C357CBEE-1D8A-3834-9B30-E8489834684F} = {C357CBEE-1D8A-3834-9B30-E8489834684F}
		{64CAFCA0-71BF-3B71-9776-FA6913F98166} = {64CAFCA0-71BF-3B71-9776-FA6913F98166}
	EndProjectSection
EndProject
Project("{8BC9CEB8-8B4A-11D0-8D11-00A0C91BC942}") = "ompparticles", "ompparticles.vcxproj", "{ED4FAAA3-B74B-38B2-9E15-0669B82D06B3}"
	ProjectSection(ProjectDependencies) = postProject
		{C357CBEE-1D8A-3834-9B30-E8489834684F} = {C357CBEE-1D8A-3834-9B30-E8489834684F}
		{64CAFCA0-71BF-3B71-9776-FA6913F98166} = {64CAFCA0-71BF-3B71-9776-FA6913F98166}
	EndProjectSection
EndProject
Project("{8BC9CEB8-8B4A-11D0-8D11-00A0C91BC942}") = "packetbuffer", "packetbuffer.vcxproj", "{4A87D8BD-ECF7-3070-A229-526885DCF1A6}"
	ProjectSection(ProjectDependencies) = postProject
		{C357CBEE-1D8A-3834-9B30-E8489834684F} = {C357CBEE-1D8A-3834-9B30-E8489834684F}
		{64CAFCA0-71BF-3B71-9776-FA6913F98166} = {64CAFCA0-71BF-3B71-9776-FA6913F98166}
	EndProjectSection
EndProject
Project("{8BC9CEB8-8B4A-11D0-8D11-00A0C91BC942}") = "perpixelgloss", "perpixelgloss.vcxproj", "{5CAE544C-8B27-3145-B822-E1C7AC4FA5FA}"
	ProjectSection(ProjectDependencies) = postProject
		{C357CBEE-1D8A-3834-9B30-E8489834684F} = {C357CBEE-1D8A-3834-9B30-E8489834684F}
		{64CAFCA0-71BF-3B71-9776-FA6913F98166} = {64CAFCA0-71BF-3B71-9776-FA6913F98166}
	EndProjectSection
EndProject
Project("{8BC9CEB8-8B4A-11D0-8D11-00A0C91BC942}") = "phonglighting", "phonglighting.vcxproj", "{AB49DEE4-1043-3F7D-AFC4-4C549F1A7A4E}"
	ProjectSection(ProjectDependencies) = postProject
		{C357CBEE-1D8A-3834-9B30-E8489834684F} = {C357CBEE-1D8A-3834-9B30-E8489834684F}
		{64CAFCA0-71BF-3B71-9776-FA6913F98166} = {64CAFCA0-71BF-3B71-9776-FA6913F98166}
	EndProjectSection
EndProject
Project("{8BC9CEB8-8B4A-11D0-8D11-00A0C91BC942}") = "pmbfractal", "pmbfractal.vcxproj", "{4774D6A7-A787-3EE1-838C-2E4BE9AD9AE4}"
	ProjectSection(ProjectDependencies) = postProject
		{C357CBEE-1D8A-3834-9B30-E8489834684F} = {C357CBEE-1D8A-3834-9B30-E8489834684F}
		{64CAFCA0-71BF-3B71-9776-FA6913F98166} = {64CAFCA0-71BF-3B71-9776-FA6913F98166}
	EndProjectSection
EndProject
Project("{8BC9CEB8-8B4A-11D0-8D11-00A0C91BC942}") = "pmbstreaming", "pmbstreaming.vcxproj", "{4172653A-E640-3393-870B-EF701F09F2B3}"
	ProjectSection(ProjectDependencies) = postProject
		{C357CBEE-1D8A-3834-9B30-E8489834684F} = {C357CBEE-1D8A-3834-9B30-E8489834684F}
		{64CAFCA0-71BF-3B71-9776-FA6913F98166} = {64CAFCA0-71BF-3B71-9776-FA6913F98166}
	EndProjectSection
EndProject
Project("{8BC9CEB8-8B4A-11D0-8D11-00A0C91BC942}") = "polygonsmooth", "polygonsmooth.vcxproj", "{8E42E1BE-B41B-35FC-8D92-9900E43E48F0}"
	ProjectSection(ProjectDependencies) = postProject
		{C357CBEE-1D8A-3834-9B30-E8489834684F} = {C357CBEE-1D8A-3834-9B30-E8489834684F}
		{64CAFCA0-71BF-3B71-9776-FA6913F98166} = {64CAFCA0-71BF-3B71-9776-FA6913F98166}
	EndProjectSection
EndProject
Project("{8BC9CEB8-8B4A-11D0-8D11-00A0C91BC942}") = "prefixsum", "prefixsum.vcxproj", "{28253966-E97B-32F9-BF85-2878943A118E}"
	ProjectSection(ProjectDependencies) = postProject
		{C357CBEE-1D8A-3834-9B30-E8489834684F} = {C357CBEE-1D8A-3834-9B30-E8489834684F}
		{64CAFCA0-71BF-3B71-9776-FA6913F98166} = {64CAFCA0-71BF-3B71-9776-FA6913F98166}
	EndProjectSection
EndProject
Project("{8BC9CEB8-8B4A-11D0-8D11-00A0C91BC942}") = "prefixsum2d", "prefixsum2d.vcxproj", "{6BDB9EE1-34C3-3FF9-9F79-4368182FD085}"
	ProjectSection(ProjectDependencies) = postProject
		{C357CBEE-1D8A-3834-9B30-E8489834684F} = {C357CBEE-1D8A-3834-9B30-E8489834684F}
		{64CAFCA0-71BF-3B71-9776-FA6913F98166} = {64CAFCA0-71BF-3B71-9776-FA6913F98166}
	EndProjectSection
EndProject
Project("{8BC9CEB8-8B4A-11D0-8D11-00A0C91BC942}") = "programinfo", "programinfo.vcxproj", "{54734ADC-83A5-3282-8753-93DAFBD4E465}"
	ProjectSection(ProjectDependencies) = postProject
		{C357CBEE-1D8A-3834-9B30-E8489834684F} = {C357CBEE-1D8A-3834-9B30-E8489834684F}
		{64CAFCA0-71BF-3B71-9776-FA6913F98166} = {64CAFCA0-71BF-3B71-9776-FA6913F98166}
	EndProjectSection
EndProject
Project("{8BC9CEB8-8B4A-11D0-8D11-00A0C91BC942}") = "raytracer", "raytracer.vcxproj", "{2A2B314F-BAFC-3604-A229-88B419D8BBF9}"
	ProjectSection(ProjectDependencies) = postProject
		{C357CBEE-1D8A-3834-9B30-E8489834684F} = {C357CBEE-1D8A-3834-9B30-E8489834684F}
		{64CAFCA0-71BF-3B71-9776-FA6913F98166} = {64CAFCA0-71BF-3B71-9776-FA6913F98166}
	EndProjectSection
EndProject
Project("{8BC9CEB8-8B4A-11D0-8D11-00A0C91BC942}") = "release", "release.vcxproj", "{09966966-C962-3D9E-B9B9-60C00DCF8597}"
	ProjectSection(ProjectDependencies) = postProject
		{C357CBEE-1D8A-3834-9B30-E8489834684F} = {C357CBEE-1D8A-3834-9B30-E8489834684F}
	EndProjectSection
EndProject
Project("{8BC9CEB8-8B4A-11D0-8D11-00A0C91BC942}") = "rimlight", "rimlight.vcxproj", "{836FCA6D-9CA3-31E8-BB0E-B196278AB7E1}"
	ProjectSection(ProjectDependencies) = postProject
		{C357CBEE-1D8A-3834-9B30-E8489834684F} = {C357CBEE-1D8A-3834-9B30-E8489834684F}
		{64CAFCA0-71BF-3B71-9776-FA6913F98166} = {64CAFCA0-71BF-3B71-9776-FA6913F98166}
	EndProjectSection
EndProject
Project("{8BC9CEB8-8B4A-11D0-8D11-00A0C91BC942}") = "sampleshading", "sampleshading.vcxproj", "{BA8A5EBD-C83B-3C56-BBA9-F73CA6E5A7A5}"
	ProjectSection(ProjectDependencies) = postProject
		{C357CBEE-1D8A-3834-9B30-E8489834684F} = {C357CBEE-1D8A-3834-9B30-E8489834684F}
		{64CAFCA0-71BF-3B71-9776-FA6913F98166} = {64CAFCA0-71BF-3B71-9776-FA6913F98166}
	EndProjectSection
EndProject
Project("{8BC9CEB8-8B4A-11D0-8D11-00A0C91BC942}") = "sb7", "sb7.vcxproj", "{64CAFCA0-71BF-3B71-9776-FA6913F98166}"
	ProjectSection(ProjectDependencies) = postProject
		{C357CBEE-1D8A-3834-9B30-E8489834684F} = {C357CBEE-1D8A-3834-9B30-E8489834684F}
	EndProjectSection
EndProject
Project("{8BC9CEB8-8B4A-11D0-8D11-00A0C91BC942}") = "sdfdemo", "sdfdemo.vcxproj", "{F29C9087-E28F-30E3-9333-814CD5E48ECB}"
	ProjectSection(ProjectDependencies) = postProject
		{C357CBEE-1D8A-3834-9B30-E8489834684F} = {C357CBEE-1D8A-3834-9B30-E8489834684F}
		{64CAFCA0-71BF-3B71-9776-FA6913F98166} = {64CAFCA0-71BF-3B71-9776-FA6913F98166}
	EndProjectSection
EndProject
Project("{8BC9CEB8-8B4A-11D0-8D11-00A0C91BC942}") = "shadowmapping", "shadowmapping.vcxproj", "{BBBEDA1C-D0D7-3C7F-B8D9-B324E18977B0}"
	ProjectSection(ProjectDependencies) = postProject
		{C357CBEE-1D8A-3834-9B30-E8489834684F} = {C357CBEE-1D8A-3834-9B30-E8489834684F}
		{64CAFCA0-71BF-3B71-9776-FA6913F98166} = {64CAFCA0-71BF-3B71-9776-FA6913F98166}
	EndProjectSection
EndProject
Project("{8BC9CEB8-8B4A-11D0-8D11-00A0C91BC942}") = "shapedpoints", "shapedpoints.vcxproj", "{76E1FC1E-2EF1-3B11-AEA4-583039CE8504}"
	ProjectSection(ProjectDependencies) = postProject
		{C357CBEE-1D8A-3834-9B30-E8489834684F} = {C357CBEE-1D8A-3834-9B30-E8489834684F}
		{64CAFCA0-71BF-3B71-9776-FA6913F98166} = {64CAFCA0-71BF-3B71-9776-FA6913F98166}
	EndProjectSection
EndProject
Project("{8BC9CEB8-8B4A-11D0-8D11-00A0C91BC942}") = "simpleclear", "simpleclear.vcxproj", "{992EDC7D-AAD3-3684-9D1F-6CAB8DCCC86C}"
	ProjectSection(ProjectDependencies) = postProject
		{C357CBEE-1D8A-3834-9B30-E8489834684F} = {C357CBEE-1D8A-3834-9B30-E8489834684F}
		{64CAFCA0-71BF-3B71-9776-FA6913F98166} = {64CAFCA0-71BF-3B71-9776-FA6913F98166}
	EndProjectSection
EndProject
Project("{8BC9CEB8-8B4A-11D0-8D11-00A0C91BC942}") = "simpletexcoords", "simpletexcoords.vcxproj", "{09210ADD-594B-32D8-963A-A5AD8A8AB70A}"
	ProjectSection(ProjectDependencies) = postProject
		{C357CBEE-1D8A-3834-9B30-E8489834684F} = {C357CBEE-1D8A-3834-9B30-E8489834684F}
		{64CAFCA0-71BF-3B71-9776-FA6913F98166} = {64CAFCA0-71BF-3B71-9776-FA6913F98166}
	EndProjectSection
EndProject
Project("{8BC9CEB8-8B4A-11D0-8D11-00A0C91BC942}") = "simpletexture", "simpletexture.vcxproj", "{107BF3A4-F908-31AA-9B9B-1870432D4C22}"
	ProjectSection(ProjectDependencies) = postProject
		{C357CBEE-1D8A-3834-9B30-E8489834684F} = {C357CBEE-1D8A-3834-9B30-E8489834684F}
		{64CAFCA0-71BF-3B71-9776-FA6913F98166} = {64CAFCA0-71BF-3B71-9776-FA6913F98166}
	EndProjectSection
EndProject
Project("{8BC9CEB8-8B4A-11D0-8D11-00A0C91BC942}") = "singlepoint", "singlepoint.vcxproj", "{BB82F573-37BD-3B42-8103-6201E15C0BE4}"
	ProjectSection(ProjectDependencies) = postProject
		{C357CBEE-1D8A-3834-9B30-E8489834684F} = {C357CBEE-1D8A-3834-9B30-E8489834684F}
		{64CAFCA0-71BF-3B71-9776-FA6913F98166} = {64CAFCA0-71BF-3B71-9776-FA6913F98166}
	EndProjectSection
EndProject
Project("{8BC9CEB8-8B4A-11D0-8D11-00A0C91BC942}") = "singletri", "singletri.vcxproj", "{CD43C1B7-25C6-3DEC-A67B-324E55369258}"
	ProjectSection(ProjectDependencies) = postProject
		{C357CBEE-1D8A-3834-9B30-E8489834684F} = {C357CBEE-1D8A-3834-9B30-E8489834684F}
		{64CAFCA0-71BF-3B71-9776-FA6913F98166} = {64CAFCA0-71BF-3B71-9776-FA6913F98166}
	EndProjectSection
EndProject
Project("{8BC9CEB8-8B4A-11D0-8D11-00A0C91BC942}") = "sparsetexture", "sparsetexture.vcxproj", "{0526E313-79EB-3082-9131-F7AB4172D7DA}"
	ProjectSection(ProjectDependencies) = postProject
		{C357CBEE-1D8A-3834-9B30-E8489834684F} = {C357CBEE-1D8A-3834-9B30-E8489834684F}
		{64CAFCA0-71BF-3B71-9776-FA6913F98166} = {64CAFCA0-71BF-3B71-9776-FA6913F98166}
	EndProjectSection
EndProject
Project("{8BC9CEB8-8B4A-11D0-8D11-00A0C91BC942}") = "spinnycube", "spinnycube.vcxproj", "{C86A223F-6A0E-3445-9640-97D7FC73DEA6}"
	ProjectSection(ProjectDependencies) = postProject
		{C357CBEE-1D8A-3834-9B30-E8489834684F} = {C357CBEE-1D8A-3834-9B30-E8489834684F}
		{64CAFCA0-71BF-3B71-9776-FA6913F98166} = {64CAFCA0-71BF-3B71-9776-FA6913F98166}
	EndProjectSection
EndProject
Project("{8BC9CEB8-8B4A-11D0-8D11-00A0C91BC942}") = "springmass", "springmass.vcxproj", "{CDA4139B-8917-3CBE-87BD-778AEF2FFBAA}"
	ProjectSection(ProjectDependencies) = postProject
		{C357CBEE-1D8A-3834-9B30-E8489834684F} = {C357CBEE-1D8A-3834-9B30-E8489834684F}
		{64CAFCA0-71BF-3B71-9776-FA6913F98166} = {64CAFCA0-71BF-3B71-9776-FA6913F98166}
	EndProjectSection
EndProject
Project("{8BC9CEB8-8B4A-11D0-8D11-00A0C91BC942}") = "ssao", "ssao.vcxproj", "{D42093C1-5613-34BA-B439-4B6055EF0D5C}"
	ProjectSection(ProjectDependencies) = postProject
		{C357CBEE-1D8A-3834-9B30-E8489834684F} = {C357CBEE-1D8A-3834-9B30-E8489834684F}
		{64CAFCA0-71BF-3B71-9776-FA6913F98166} = {64CAFCA0-71BF-3B71-9776-FA6913F98166}
	EndProjectSection
EndProject
Project("{8BC9CEB8-8B4A-11D0-8D11-00A0C91BC942}") = "starfield", "starfield.vcxproj", "{C9B69C18-EA58-38B9-A295-478C96854D24}"
	ProjectSection(ProjectDependencies) = postProject
		{C357CBEE-1D8A-3834-9B30-E8489834684F} = {C357CBEE-1D8A-3834-9B30-E8489834684F}
		{64CAFCA0-71BF-3B71-9776-FA6913F98166} = {64CAFCA0-71BF-3B71-9776-FA6913F98166}
	EndProjectSection
EndProject
Project("{8BC9CEB8-8B4A-11D0-8D11-00A0C91BC942}") = "stereo", "stereo.vcxproj", "{78F5DA20-EED6-35B9-ABA3-BF058204CE96}"
	ProjectSection(ProjectDependencies) = postProject
		{C357CBEE-1D8A-3834-9B30-E8489834684F} = {C357CBEE-1D8A-3834-9B30-E8489834684F}
		{64CAFCA0-71BF-3B71-9776-FA6913F98166} = {64CAFCA0-71BF-3B71-9776-FA6913F98166}
	EndProjectSection
EndProject
Project("{8BC9CEB8-8B4A-11D0-8D11-00A0C91BC942}") = "subroutines", "subroutines.vcxproj", "{6BBA2309-AFCC-3DF8-8630-3EF6FC5CD25D}"
	ProjectSection(ProjectDependencies) = postProject
		{C357CBEE-1D8A-3834-9B30-E8489834684F} = {C357CBEE-1D8A-3834-9B30-E8489834684F}
		{64CAFCA0-71BF-3B71-9776-FA6913F98166} = {64CAFCA0-71BF-3B71-9776-FA6913F98166}
	EndProjectSection
EndProject
Project("{8BC9CEB8-8B4A-11D0-8D11-00A0C91BC942}") = "tessellatedcube", "tessellatedcube.vcxproj", "{94AA1E40-CFA2-33A1-B969-30BF20233625}"
	ProjectSection(ProjectDependencies) = postProject
		{C357CBEE-1D8A-3834-9B30-E8489834684F} = {C357CBEE-1D8A-3834-9B30-E8489834684F}
		{64CAFCA0-71BF-3B71-9776-FA6913F98166} = {64CAFCA0-71BF-3B71-9776-FA6913F98166}
	EndProjectSection
EndProject
Project("{8BC9CEB8-8B4A-11D0-8D11-00A0C91BC942}") = "tessellatedgstri", "tessellatedgstri.vcxproj", "{2B031A9B-3B3E-34FC-BA2C-BB2592168283}"
	ProjectSection(ProjectDependencies) = postProject
		{C357CBEE-1D8A-3834-9B30-E8489834684F} = {C357CBEE-1D8A-3834-9B30-E8489834684F}
		{64CAFCA0-71BF-3B71-9776-FA6913F98166} = {64CAFCA0-71BF-3B71-9776-FA6913F98166}
	EndProjectSection
EndProject
Project("{8BC9CEB8-8B4A-11D0-8D11-00A0C91BC942}") = "tessellatedtri", "tessellatedtri.vcxproj", "{C41BF9B5-226A-39EE-A43F-11FEA2142E05}"
	ProjectSection(ProjectDependencies) = postProject
		{C357CBEE-1D8A-3834-9B30-E8489834684F} = {C357CBEE-1D8A-3834-9B30-E8489834684F}
		{64CAFCA0-71BF-3B71-9776-FA6913F98166} = {64CAFCA0-71BF-3B71-9776-FA6913F98166}
	EndProjectSection
EndProject
Project("{8BC9CEB8-8B4A-11D0-8D11-00A0C91BC942}") = "tessmodes", "tessmodes.vcxproj", "{74AC9582-691D-3DDA-9276-D1505FC42541}"
	ProjectSection(ProjectDependencies) = postProject
		{C357CBEE-1D8A-3834-9B30-E8489834684F} = {C357CBEE-1D8A-3834-9B30-E8489834684F}
		{64CAFCA0-71BF-3B71-9776-FA6913F98166} = {64CAFCA0-71BF-3B71-9776-FA6913F98166}
	EndProjectSection
EndProject
Project("{8BC9CEB8-8B4A-11D0-8D11-00A0C91BC942}") = "tesssubdivmodes", "tesssubdivmodes.vcxproj", "{40039ECE-8097-3CE0-9549-96C38E8B7960}"
	ProjectSection(ProjectDependencies) = postProject
		{C357CBEE-1D8A-3834-9B30-E8489834684F} = {C357CBEE-1D8A-3834-9B30-E8489834684F}
		{64CAFCA0-71BF-3B71-9776-FA6913F98166} = {64CAFCA0-71BF-3B71-9776-FA6913F98166}
	EndProjectSection
EndProject
Project("{8BC9CEB8-8B4A-11D0-8D11-00A0C91BC942}") = "toonshading", "toonshading.vcxproj", "{DB3098B6-6CFA-3AB7-BD88-6064A6BFF1B2}"
	ProjectSection(ProjectDependencies) = postProject
		{C357CBEE-1D8A-3834-9B30-E8489834684F} = {C357CBEE-1D8A-3834-9B30-E8489834684F}
		{64CAFCA0-71BF-3B71-9776-FA6913F98166} = {64CAFCA0-71BF-3B71-9776-FA6913F98166}
	EndProjectSection
EndProject
Project("{8BC9CEB8-8B4A-11D0-8D11-00A0C91BC942}") = "tunnel", "tunnel.vcxproj", "{4195F487-E517-387A-8936-DE055525D321}"
	ProjectSection(ProjectDependencies) = postProject
		{C357CBEE-1D8A-3834-9B30-E8489834684F} = {C357CBEE-1D8A-3834-9B30-E8489834684F}
		{64CAFCA0-71BF-3B71-9776-FA6913F98166} = {64CAFCA0-71BF-3B71-9776-FA6913F98166}
	EndProjectSection
EndProject
Project("{8BC9CEB8-8B4A-11D0-8D11-00A0C91BC942}") = "wrapmodes", "wrapmodes.vcxproj", "{E9EB5D3E-6AC0-3BCE-8D5A-5C572E2B6108}"
	ProjectSection(ProjectDependencies) = postProject
		{C357CBEE-1D8A-3834-9B30-E8489834684F} = {C357CBEE-1D8A-3834-9B30-E8489834684F}
		{64CAFCA0-71BF-3B71-9776-FA6913F98166} = {64CAFCA0-71BF-3B71-9776-FA6913F98166}
	EndProjectSection
EndProject
Global
	GlobalSection(SolutionConfigurationPlatforms) = preSolution
		Debug|x64 = Debug|x64
		Release|x64 = Release|x64
		MinSizeRel|x64 = MinSizeRel|x64
		RelWithDebInfo|x64 = RelWithDebInfo|x64
	EndGlobalSection
	GlobalSection(ProjectConfigurationPlatforms) = postSolution
		{856728F5-6024-3A63-BA14-CF9084BDEF0C}.Debug|x64.ActiveCfg = Debug|x64
		{856728F5-6024-3A63-BA14-CF9084BDEF0C}.Release|x64.ActiveCfg = Release|x64
		{856728F5-6024-3A63-BA14-CF9084BDEF0C}.MinSizeRel|x64.ActiveCfg = MinSizeRel|x64
		{856728F5-6024-3A63-BA14-CF9084BDEF0C}.RelWithDebInfo|x64.ActiveCfg = RelWithDebInfo|x64
		{C357CBEE-1D8A-3834-9B30-E8489834684F}.Debug|x64.ActiveCfg = Debug|x64
		{C357CBEE-1D8A-3834-9B30-E8489834684F}.Debug|x64.Build.0 = Debug|x64
		{C357CBEE-1D8A-3834-9B30-E8489834684F}.Release|x64.ActiveCfg = Release|x64
		{C357CBEE-1D8A-3834-9B30-E8489834684F}.Release|x64.Build.0 = Release|x64
		{C357CBEE-1D8A-3834-9B30-E8489834684F}.MinSizeRel|x64.ActiveCfg = MinSizeRel|x64
		{C357CBEE-1D8A-3834-9B30-E8489834684F}.MinSizeRel|x64.Build.0 = MinSizeRel|x64
		{C357CBEE-1D8A-3834-9B30-E8489834684F}.RelWithDebInfo|x64.ActiveCfg = RelWithDebInfo|x64
		{C357CBEE-1D8A-3834-9B30-E8489834684F}.RelWithDebInfo|x64.Build.0 = RelWithDebInfo|x64
		{555102BA-3381-33E2-81A8-0BB56E355CB2}.Debug|x64.ActiveCfg = Debug|x64
		{555102BA-3381-33E2-81A8-0BB56E355CB2}.Debug|x64.Build.0 = Debug|x64
		{555102BA-3381-33E2-81A8-0BB56E355CB2}.Release|x64.ActiveCfg = Release|x64
		{555102BA-3381-33E2-81A8-0BB56E355CB2}.Release|x64.Build.0 = Release|x64
		{555102BA-3381-33E2-81A8-0BB56E355CB2}.MinSizeRel|x64.ActiveCfg = MinSizeRel|x64
		{555102BA-3381-33E2-81A8-0BB56E355CB2}.MinSizeRel|x64.Build.0 = MinSizeRel|x64
		{555102BA-3381-33E2-81A8-0BB56E355CB2}.RelWithDebInfo|x64.ActiveCfg = RelWithDebInfo|x64
		{555102BA-3381-33E2-81A8-0BB56E355CB2}.RelWithDebInfo|x64.Build.0 = RelWithDebInfo|x64
		{5016C513-B5D7-3840-8BB0-2EDE5CC12302}.Debug|x64.ActiveCfg = Debug|x64
		{5016C513-B5D7-3840-8BB0-2EDE5CC12302}.Debug|x64.Build.0 = Debug|x64
		{5016C513-B5D7-3840-8BB0-2EDE5CC12302}.Release|x64.ActiveCfg = Release|x64
		{5016C513-B5D7-3840-8BB0-2EDE5CC12302}.Release|x64.Build.0 = Release|x64
		{5016C513-B5D7-3840-8BB0-2EDE5CC12302}.MinSizeRel|x64.ActiveCfg = MinSizeRel|x64
		{5016C513-B5D7-3840-8BB0-2EDE5CC12302}.MinSizeRel|x64.Build.0 = MinSizeRel|x64
		{5016C513-B5D7-3840-8BB0-2EDE5CC12302}.RelWithDebInfo|x64.ActiveCfg = RelWithDebInfo|x64
		{5016C513-B5D7-3840-8BB0-2EDE5CC12302}.RelWithDebInfo|x64.Build.0 = RelWithDebInfo|x64
		{4905A501-69AA-3303-A446-AE1D311D47CF}.Debug|x64.ActiveCfg = Debug|x64
		{4905A501-69AA-3303-A446-AE1D311D47CF}.Debug|x64.Build.0 = Debug|x64
		{4905A501-69AA-3303-A446-AE1D311D47CF}.Release|x64.ActiveCfg = Release|x64
		{4905A501-69AA-3303-A446-AE1D311D47CF}.Release|x64.Build.0 = Release|x64
		{4905A501-69AA-3303-A446-AE1D311D47CF}.MinSizeRel|x64.ActiveCfg = MinSizeRel|x64
		{4905A501-69AA-3303-A446-AE1D311D47CF}.MinSizeRel|x64.Build.0 = MinSizeRel|x64
		{4905A501-69AA-3303-A446-AE1D311D47CF}.RelWithDebInfo|x64.ActiveCfg = RelWithDebInfo|x64
		{4905A501-69AA-3303-A446-AE1D311D47CF}.RelWithDebInfo|x64.Build.0 = RelWithDebInfo|x64
		{F8BA89DC-39C5-3BD2-9ED4-DA7AA3601AAA}.Debug|x64.ActiveCfg = Debug|x64
		{F8BA89DC-39C5-3BD2-9ED4-DA7AA3601AAA}.Debug|x64.Build.0 = Debug|x64
		{F8BA89DC-39C5-3BD2-9ED4-DA7AA3601AAA}.Release|x64.ActiveCfg = Release|x64
		{F8BA89DC-39C5-3BD2-9ED4-DA7AA3601AAA}.Release|x64.Build.0 = Release|x64
		{F8BA89DC-39C5-3BD2-9ED4-DA7AA3601AAA}.MinSizeRel|x64.ActiveCfg = MinSizeRel|x64
		{F8BA89DC-39C5-3BD2-9ED4-DA7AA3601AAA}.MinSizeRel|x64.Build.0 = MinSizeRel|x64
		{F8BA89DC-39C5-3BD2-9ED4-DA7AA3601AAA}.RelWithDebInfo|x64.ActiveCfg = RelWithDebInfo|x64
		{F8BA89DC-39C5-3BD2-9ED4-DA7AA3601AAA}.RelWithDebInfo|x64.Build.0 = RelWithDebInfo|x64
		{C7738026-F55B-3F52-907B-EBEA298F0BF0}.Debug|x64.ActiveCfg = Debug|x64
		{C7738026-F55B-3F52-907B-EBEA298F0BF0}.Debug|x64.Build.0 = Debug|x64
		{C7738026-F55B-3F52-907B-EBEA298F0BF0}.Release|x64.ActiveCfg = Release|x64
		{C7738026-F55B-3F52-907B-EBEA298F0BF0}.Release|x64.Build.0 = Release|x64
		{C7738026-F55B-3F52-907B-EBEA298F0BF0}.MinSizeRel|x64.ActiveCfg = MinSizeRel|x64
		{C7738026-F55B-3F52-907B-EBEA298F0BF0}.MinSizeRel|x64.Build.0 = MinSizeRel|x64
		{C7738026-F55B-3F52-907B-EBEA298F0BF0}.RelWithDebInfo|x64.ActiveCfg = RelWithDebInfo|x64
		{C7738026-F55B-3F52-907B-EBEA298F0BF0}.RelWithDebInfo|x64.Build.0 = RelWithDebInfo|x64
		{B2227B3C-9111-34C9-8BD8-09F1E811E7D5}.Debug|x64.ActiveCfg = Debug|x64
		{B2227B3C-9111-34C9-8BD8-09F1E811E7D5}.Debug|x64.Build.0 = Debug|x64
		{B2227B3C-9111-34C9-8BD8-09F1E811E7D5}.Release|x64.ActiveCfg = Release|x64
		{B2227B3C-9111-34C9-8BD8-09F1E811E7D5}.Release|x64.Build.0 = Release|x64
		{B2227B3C-9111-34C9-8BD8-09F1E811E7D5}.MinSizeRel|x64.ActiveCfg = MinSizeRel|x64
		{B2227B3C-9111-34C9-8BD8-09F1E811E7D5}.MinSizeRel|x64.Build.0 = MinSizeRel|x64
		{B2227B3C-9111-34C9-8BD8-09F1E811E7D5}.RelWithDebInfo|x64.ActiveCfg = RelWithDebInfo|x64
		{B2227B3C-9111-34C9-8BD8-09F1E811E7D5}.RelWithDebInfo|x64.Build.0 = RelWithDebInfo|x64
		{215B6D1B-2077-37C0-914A-944ACB908305}.Debug|x64.ActiveCfg = Debug|x64
		{215B6D1B-2077-37C0-914A-944ACB908305}.Debug|x64.Build.0 = Debug|x64
		{215B6D1B-2077-37C0-914A-944ACB908305}.Release|x64.ActiveCfg = Release|x64
		{215B6D1B-2077-37C0-914A-944ACB908305}.Release|x64.Build.0 = Release|x64
		{215B6D1B-2077-37C0-914A-944ACB908305}.MinSizeRel|x64.ActiveCfg = MinSizeRel|x64
		{215B6D1B-2077-37C0-914A-944ACB908305}.MinSizeRel|x64.Build.0 = MinSizeRel|x64
		{215B6D1B-2077-37C0-914A-944ACB908305}.RelWithDebInfo|x64.ActiveCfg = RelWithDebInfo|x64
		{215B6D1B-2077-37C0-914A-944ACB908305}.RelWithDebInfo|x64.Build.0 = RelWithDebInfo|x64
		{812CFA01-3FBC-35BF-AEC2-511CC522C4C8}.Debug|x64.ActiveCfg = Debug|x64
		{812CFA01-3FBC-35BF-AEC2-511CC522C4C8}.Debug|x64.Build.0 = Debug|x64
		{812CFA01-3FBC-35BF-AEC2-511CC522C4C8}.Release|x64.ActiveCfg = Release|x64
		{812CFA01-3FBC-35BF-AEC2-511CC522C4C8}.Release|x64.Build.0 = Release|x64
		{812CFA01-3FBC-35BF-AEC2-511CC522C4C8}.MinSizeRel|x64.ActiveCfg = MinSizeRel|x64
		{812CFA01-3FBC-35BF-AEC2-511CC522C4C8}.MinSizeRel|x64.Build.0 = MinSizeRel|x64
		{812CFA01-3FBC-35BF-AEC2-511CC522C4C8}.RelWithDebInfo|x64.ActiveCfg = RelWithDebInfo|x64
		{812CFA01-3FBC-35BF-AEC2-511CC522C4C8}.RelWithDebInfo|x64.Build.0 = RelWithDebInfo|x64
		{CC6C2540-29CF-3231-9972-2BB0C5AED751}.Debug|x64.ActiveCfg = Debug|x64
		{CC6C2540-29CF-3231-9972-2BB0C5AED751}.Debug|x64.Build.0 = Debug|x64
		{CC6C2540-29CF-3231-9972-2BB0C5AED751}.Release|x64.ActiveCfg = Release|x64
		{CC6C2540-29CF-3231-9972-2BB0C5AED751}.Release|x64.Build.0 = Release|x64
		{CC6C2540-29CF-3231-9972-2BB0C5AED751}.MinSizeRel|x64.ActiveCfg = MinSizeRel|x64
		{CC6C2540-29CF-3231-9972-2BB0C5AED751}.MinSizeRel|x64.Build.0 = MinSizeRel|x64
		{CC6C2540-29CF-3231-9972-2BB0C5AED751}.RelWithDebInfo|x64.ActiveCfg = RelWithDebInfo|x64
		{CC6C2540-29CF-3231-9972-2BB0C5AED751}.RelWithDebInfo|x64.Build.0 = RelWithDebInfo|x64
		{873E9C70-5B7E-3A42-A2D6-D2493D6C59FD}.Debug|x64.ActiveCfg = Debug|x64
		{873E9C70-5B7E-3A42-A2D6-D2493D6C59FD}.Debug|x64.Build.0 = Debug|x64
		{873E9C70-5B7E-3A42-A2D6-D2493D6C59FD}.Release|x64.ActiveCfg = Release|x64
		{873E9C70-5B7E-3A42-A2D6-D2493D6C59FD}.Release|x64.Build.0 = Release|x64
		{873E9C70-5B7E-3A42-A2D6-D2493D6C59FD}.MinSizeRel|x64.ActiveCfg = MinSizeRel|x64
		{873E9C70-5B7E-3A42-A2D6-D2493D6C59FD}.MinSizeRel|x64.Build.0 = MinSizeRel|x64
		{873E9C70-5B7E-3A42-A2D6-D2493D6C59FD}.RelWithDebInfo|x64.ActiveCfg = RelWithDebInfo|x64
		{873E9C70-5B7E-3A42-A2D6-D2493D6C59FD}.RelWithDebInfo|x64.Build.0 = RelWithDebInfo|x64
		{0D4D1996-9BCB-3A35-AA88-290C45725C5C}.Debug|x64.ActiveCfg = Debug|x64
		{0D4D1996-9BCB-3A35-AA88-290C45725C5C}.Debug|x64.Build.0 = Debug|x64
		{0D4D1996-9BCB-3A35-AA88-290C45725C5C}.Release|x64.ActiveCfg = Release|x64
		{0D4D1996-9BCB-3A35-AA88-290C45725C5C}.Release|x64.Build.0 = Release|x64
		{0D4D1996-9BCB-3A35-AA88-290C45725C5C}.MinSizeRel|x64.ActiveCfg = MinSizeRel|x64
		{0D4D1996-9BCB-3A35-AA88-290C45725C5C}.MinSizeRel|x64.Build.0 = MinSizeRel|x64
		{0D4D1996-9BCB-3A35-AA88-290C45725C5C}.RelWithDebInfo|x64.ActiveCfg = RelWithDebInfo|x64
		{0D4D1996-9BCB-3A35-AA88-290C45725C5C}.RelWithDebInfo|x64.Build.0 = RelWithDebInfo|x64
		{FFFCFACD-01A3-3346-9785-A1A080EA131A}.Debug|x64.ActiveCfg = Debug|x64
		{FFFCFACD-01A3-3346-9785-A1A080EA131A}.Debug|x64.Build.0 = Debug|x64
		{FFFCFACD-01A3-3346-9785-A1A080EA131A}.Release|x64.ActiveCfg = Release|x64
		{FFFCFACD-01A3-3346-9785-A1A080EA131A}.Release|x64.Build.0 = Release|x64
		{FFFCFACD-01A3-3346-9785-A1A080EA131A}.MinSizeRel|x64.ActiveCfg = MinSizeRel|x64
		{FFFCFACD-01A3-3346-9785-A1A080EA131A}.MinSizeRel|x64.Build.0 = MinSizeRel|x64
		{FFFCFACD-01A3-3346-9785-A1A080EA131A}.RelWithDebInfo|x64.ActiveCfg = RelWithDebInfo|x64
		{FFFCFACD-01A3-3346-9785-A1A080EA131A}.RelWithDebInfo|x64.Build.0 = RelWithDebInfo|x64
		{ABA27F7B-2325-30BC-A1CE-DCA00C67E76B}.Debug|x64.ActiveCfg = Debug|x64
		{ABA27F7B-2325-30BC-A1CE-DCA00C67E76B}.Release|x64.ActiveCfg = Release|x64
		{ABA27F7B-2325-30BC-A1CE-DCA00C67E76B}.MinSizeRel|x64.ActiveCfg = MinSizeRel|x64
		{ABA27F7B-2325-30BC-A1CE-DCA00C67E76B}.RelWithDebInfo|x64.ActiveCfg = RelWithDebInfo|x64
		{17D03F17-9C97-33E0-843E-88035AFFC925}.Debug|x64.ActiveCfg = Debug|x64
		{17D03F17-9C97-33E0-843E-88035AFFC925}.Debug|x64.Build.0 = Debug|x64
		{17D03F17-9C97-33E0-843E-88035AFFC925}.Release|x64.ActiveCfg = Release|x64
		{17D03F17-9C97-33E0-843E-88035AFFC925}.Release|x64.Build.0 = Release|x64
		{17D03F17-9C97-33E0-843E-88035AFFC925}.MinSizeRel|x64.ActiveCfg = MinSizeRel|x64
		{17D03F17-9C97-33E0-843E-88035AFFC925}.MinSizeRel|x64.Build.0 = MinSizeRel|x64
		{17D03F17-9C97-33E0-843E-88035AFFC925}.RelWithDebInfo|x64.ActiveCfg = RelWithDebInfo|x64
		{17D03F17-9C97-33E0-843E-88035AFFC925}.RelWithDebInfo|x64.Build.0 = RelWithDebInfo|x64
		{648144E0-B4A2-3160-94E7-EA37BFC878F7}.Debug|x64.ActiveCfg = Debug|x64
		{648144E0-B4A2-3160-94E7-EA37BFC878F7}.Debug|x64.Build.0 = Debug|x64
		{648144E0-B4A2-3160-94E7-EA37BFC878F7}.Release|x64.ActiveCfg = Release|x64
		{648144E0-B4A2-3160-94E7-EA37BFC878F7}.Release|x64.Build.0 = Release|x64
		{648144E0-B4A2-3160-94E7-EA37BFC878F7}.MinSizeRel|x64.ActiveCfg = MinSizeRel|x64
		{648144E0-B4A2-3160-94E7-EA37BFC878F7}.MinSizeRel|x64.Build.0 = MinSizeRel|x64
		{648144E0-B4A2-3160-94E7-EA37BFC878F7}.RelWithDebInfo|x64.ActiveCfg = RelWithDebInfo|x64
		{648144E0-B4A2-3160-94E7-EA37BFC878F7}.RelWithDebInfo|x64.Build.0 = RelWithDebInfo|x64
		{C57FC628-BDD7-35A7-AA69-4018688CA076}.Debug|x64.ActiveCfg = Debug|x64
		{C57FC628-BDD7-35A7-AA69-4018688CA076}.Debug|x64.Build.0 = Debug|x64
		{C57FC628-BDD7-35A7-AA69-4018688CA076}.Release|x64.ActiveCfg = Release|x64
		{C57FC628-BDD7-35A7-AA69-4018688CA076}.Release|x64.Build.0 = Release|x64
		{C57FC628-BDD7-35A7-AA69-4018688CA076}.MinSizeRel|x64.ActiveCfg = MinSizeRel|x64
		{C57FC628-BDD7-35A7-AA69-4018688CA076}.MinSizeRel|x64.Build.0 = MinSizeRel|x64
		{C57FC628-BDD7-35A7-AA69-4018688CA076}.RelWithDebInfo|x64.ActiveCfg = RelWithDebInfo|x64
		{C57FC628-BDD7-35A7-AA69-4018688CA076}.RelWithDebInfo|x64.Build.0 = RelWithDebInfo|x64
		{9FDAB5BE-9CF5-3BB9-B1BD-9C22A3D4CB2F}.Debug|x64.ActiveCfg = Debug|x64
		{9FDAB5BE-9CF5-3BB9-B1BD-9C22A3D4CB2F}.Debug|x64.Build.0 = Debug|x64
		{9FDAB5BE-9CF5-3BB9-B1BD-9C22A3D4CB2F}.Release|x64.ActiveCfg = Release|x64
		{9FDAB5BE-9CF5-3BB9-B1BD-9C22A3D4CB2F}.Release|x64.Build.0 = Release|x64
		{9FDAB5BE-9CF5-3BB9-B1BD-9C22A3D4CB2F}.MinSizeRel|x64.ActiveCfg = MinSizeRel|x64
		{9FDAB5BE-9CF5-3BB9-B1BD-9C22A3D4CB2F}.MinSizeRel|x64.Build.0 = MinSizeRel|x64
		{9FDAB5BE-9CF5-3BB9-B1BD-9C22A3D4CB2F}.RelWithDebInfo|x64.ActiveCfg = RelWithDebInfo|x64
		{9FDAB5BE-9CF5-3BB9-B1BD-9C22A3D4CB2F}.RelWithDebInfo|x64.Build.0 = RelWithDebInfo|x64
		{B15C1AC7-9E8A-352B-9AF4-66D5AF516272}.Debug|x64.ActiveCfg = Debug|x64
		{B15C1AC7-9E8A-352B-9AF4-66D5AF516272}.Debug|x64.Build.0 = Debug|x64
		{B15C1AC7-9E8A-352B-9AF4-66D5AF516272}.Release|x64.ActiveCfg = Release|x64
		{B15C1AC7-9E8A-352B-9AF4-66D5AF516272}.Release|x64.Build.0 = Release|x64
		{B15C1AC7-9E8A-352B-9AF4-66D5AF516272}.MinSizeRel|x64.ActiveCfg = MinSizeRel|x64
		{B15C1AC7-9E8A-352B-9AF4-66D5AF516272}.MinSizeRel|x64.Build.0 = MinSizeRel|x64
		{B15C1AC7-9E8A-352B-9AF4-66D5AF516272}.RelWithDebInfo|x64.ActiveCfg = RelWithDebInfo|x64
		{B15C1AC7-9E8A-352B-9AF4-66D5AF516272}.RelWithDebInfo|x64.Build.0 = RelWithDebInfo|x64
		{E03E7C5B-5BCC-3403-BD8C-5B3B0054B85C}.Debug|x64.ActiveCfg = Debug|x64
		{E03E7C5B-5BCC-3403-BD8C-5B3B0054B85C}.Debug|x64.Build.0 = Debug|x64
		{E03E7C5B-5BCC-3403-BD8C-5B3B0054B85C}.Release|x64.ActiveCfg = Release|x64
		{E03E7C5B-5BCC-3403-BD8C-5B3B0054B85C}.Release|x64.Build.0 = Release|x64
		{E03E7C5B-5BCC-3403-BD8C-5B3B0054B85C}.MinSizeRel|x64.ActiveCfg = MinSizeRel|x64
		{E03E7C5B-5BCC-3403-BD8C-5B3B0054B85C}.MinSizeRel|x64.Build.0 = MinSizeRel|x64
		{E03E7C5B-5BCC-3403-BD8C-5B3B0054B85C}.RelWithDebInfo|x64.ActiveCfg = RelWithDebInfo|x64
		{E03E7C5B-5BCC-3403-BD8C-5B3B0054B85C}.RelWithDebInfo|x64.Build.0 = RelWithDebInfo|x64
		{157DADE1-9839-3BB3-99BA-27722D923A5D}.Debug|x64.ActiveCfg = Debug|x64
		{157DADE1-9839-3BB3-99BA-27722D923A5D}.Debug|x64.Build.0 = Debug|x64
		{157DADE1-9839-3BB3-99BA-27722D923A5D}.Release|x64.ActiveCfg = Release|x64
		{157DADE1-9839-3BB3-99BA-27722D923A5D}.Release|x64.Build.0 = Release|x64
		{157DADE1-9839-3BB3-99BA-27722D923A5D}.MinSizeRel|x64.ActiveCfg = MinSizeRel|x64
		{157DADE1-9839-3BB3-99BA-27722D923A5D}.MinSizeRel|x64.Build.0 = MinSizeRel|x64
		{157DADE1-9839-3BB3-99BA-27722D923A5D}.RelWithDebInfo|x64.ActiveCfg = RelWithDebInfo|x64
		{157DADE1-9839-3BB3-99BA-27722D923A5D}.RelWithDebInfo|x64.Build.0 = RelWithDebInfo|x64
		{B6F98888-C717-3C94-BA12-9333F8E80C04}.Debug|x64.ActiveCfg = Debug|x64
		{B6F98888-C717-3C94-BA12-9333F8E80C04}.Debug|x64.Build.0 = Debug|x64
		{B6F98888-C717-3C94-BA12-9333F8E80C04}.Release|x64.ActiveCfg = Release|x64
		{B6F98888-C717-3C94-BA12-9333F8E80C04}.Release|x64.Build.0 = Release|x64
		{B6F98888-C717-3C94-BA12-9333F8E80C04}.MinSizeRel|x64.ActiveCfg = MinSizeRel|x64
		{B6F98888-C717-3C94-BA12-9333F8E80C04}.MinSizeRel|x64.Build.0 = MinSizeRel|x64
		{B6F98888-C717-3C94-BA12-9333F8E80C04}.RelWithDebInfo|x64.ActiveCfg = RelWithDebInfo|x64
		{B6F98888-C717-3C94-BA12-9333F8E80C04}.RelWithDebInfo|x64.Build.0 = RelWithDebInfo|x64
		{BC8476A0-ECA3-31F8-B698-40F561C15D58}.Debug|x64.ActiveCfg = Debug|x64
		{BC8476A0-ECA3-31F8-B698-40F561C15D58}.Debug|x64.Build.0 = Debug|x64
		{BC8476A0-ECA3-31F8-B698-40F561C15D58}.Release|x64.ActiveCfg = Release|x64
		{BC8476A0-ECA3-31F8-B698-40F561C15D58}.Release|x64.Build.0 = Release|x64
		{BC8476A0-ECA3-31F8-B698-40F561C15D58}.MinSizeRel|x64.ActiveCfg = MinSizeRel|x64
		{BC8476A0-ECA3-31F8-B698-40F561C15D58}.MinSizeRel|x64.Build.0 = MinSizeRel|x64
		{BC8476A0-ECA3-31F8-B698-40F561C15D58}.RelWithDebInfo|x64.ActiveCfg = RelWithDebInfo|x64
		{BC8476A0-ECA3-31F8-B698-40F561C15D58}.RelWithDebInfo|x64.Build.0 = RelWithDebInfo|x64
		{49CE0C6C-E4F5-391B-8EBC-77F6100CBDBA}.Debug|x64.ActiveCfg = Debug|x64
		{49CE0C6C-E4F5-391B-8EBC-77F6100CBDBA}.Debug|x64.Build.0 = Debug|x64
		{49CE0C6C-E4F5-391B-8EBC-77F6100CBDBA}.Release|x64.ActiveCfg = Release|x64
		{49CE0C6C-E4F5-391B-8EBC-77F6100CBDBA}.Release|x64.Build.0 = Release|x64
		{49CE0C6C-E4F5-391B-8EBC-77F6100CBDBA}.MinSizeRel|x64.ActiveCfg = MinSizeRel|x64
		{49CE0C6C-E4F5-391B-8EBC-77F6100CBDBA}.MinSizeRel|x64.Build.0 = MinSizeRel|x64
		{49CE0C6C-E4F5-391B-8EBC-77F6100CBDBA}.RelWithDebInfo|x64.ActiveCfg = RelWithDebInfo|x64
		{49CE0C6C-E4F5-391B-8EBC-77F6100CBDBA}.RelWithDebInfo|x64.Build.0 = RelWithDebInfo|x64
		{486CCC8C-108D-39E7-B7D5-D7C8B08F1BE6}.Debug|x64.ActiveCfg = Debug|x64
		{486CCC8C-108D-39E7-B7D5-D7C8B08F1BE6}.Debug|x64.Build.0 = Debug|x64
		{486CCC8C-108D-39E7-B7D5-D7C8B08F1BE6}.Release|x64.ActiveCfg = Release|x64
		{486CCC8C-108D-39E7-B7D5-D7C8B08F1BE6}.Release|x64.Build.0 = Release|x64
		{486CCC8C-108D-39E7-B7D5-D7C8B08F1BE6}.MinSizeRel|x64.ActiveCfg = MinSizeRel|x64
		{486CCC8C-108D-39E7-B7D5-D7C8B08F1BE6}.MinSizeRel|x64.Build.0 = MinSizeRel|x64
		{486CCC8C-108D-39E7-B7D5-D7C8B08F1BE6}.RelWithDebInfo|x64.ActiveCfg = RelWithDebInfo|x64
		{486CCC8C-108D-39E7-B7D5-D7C8B08F1BE6}.RelWithDebInfo|x64.Build.0 = RelWithDebInfo|x64
		{661C23FA-888F-35AA-90F4-0164C46459C8}.Debug|x64.ActiveCfg = Debug|x64
		{661C23FA-888F-35AA-90F4-0164C46459C8}.Debug|x64.Build.0 = Debug|x64
		{661C23FA-888F-35AA-90F4-0164C46459C8}.Release|x64.ActiveCfg = Release|x64
		{661C23FA-888F-35AA-90F4-0164C46459C8}.Release|x64.Build.0 = Release|x64
		{661C23FA-888F-35AA-90F4-0164C46459C8}.MinSizeRel|x64.ActiveCfg = MinSizeRel|x64
		{661C23FA-888F-35AA-90F4-0164C46459C8}.MinSizeRel|x64.Build.0 = MinSizeRel|x64
		{661C23FA-888F-35AA-90F4-0164C46459C8}.RelWithDebInfo|x64.ActiveCfg = RelWithDebInfo|x64
		{661C23FA-888F-35AA-90F4-0164C46459C8}.RelWithDebInfo|x64.Build.0 = RelWithDebInfo|x64
		{8C67A67A-08B2-3BAA-B6EA-DF4B95137FD8}.Debug|x64.ActiveCfg = Debug|x64
		{8C67A67A-08B2-3BAA-B6EA-DF4B95137FD8}.Debug|x64.Build.0 = Debug|x64
		{8C67A67A-08B2-3BAA-B6EA-DF4B95137FD8}.Release|x64.ActiveCfg = Release|x64
		{8C67A67A-08B2-3BAA-B6EA-DF4B95137FD8}.Release|x64.Build.0 = Release|x64
		{8C67A67A-08B2-3BAA-B6EA-DF4B95137FD8}.MinSizeRel|x64.ActiveCfg = MinSizeRel|x64
		{8C67A67A-08B2-3BAA-B6EA-DF4B95137FD8}.MinSizeRel|x64.Build.0 = MinSizeRel|x64
		{8C67A67A-08B2-3BAA-B6EA-DF4B95137FD8}.RelWithDebInfo|x64.ActiveCfg = RelWithDebInfo|x64
		{8C67A67A-08B2-3BAA-B6EA-DF4B95137FD8}.RelWithDebInfo|x64.Build.0 = RelWithDebInfo|x64
		{A7D7F450-5740-3E5C-BFF1-723319BC186B}.Debug|x64.ActiveCfg = Debug|x64
		{A7D7F450-5740-3E5C-BFF1-723319BC186B}.Debug|x64.Build.0 = Debug|x64
		{A7D7F450-5740-3E5C-BFF1-723319BC186B}.Release|x64.ActiveCfg = Release|x64
		{A7D7F450-5740-3E5C-BFF1-723319BC186B}.Release|x64.Build.0 = Release|x64
		{A7D7F450-5740-3E5C-BFF1-723319BC186B}.MinSizeRel|x64.ActiveCfg = MinSizeRel|x64
		{A7D7F450-5740-3E5C-BFF1-723319BC186B}.MinSizeRel|x64.Build.0 = MinSizeRel|x64
		{A7D7F450-5740-3E5C-BFF1-723319BC186B}.RelWithDebInfo|x64.ActiveCfg = RelWithDebInfo|x64
		{A7D7F450-5740-3E5C-BFF1-723319BC186B}.RelWithDebInfo|x64.Build.0 = RelWithDebInfo|x64
		{4E3BDB59-2A0A-30A7-8DAF-DBD1C42DD892}.Debug|x64.ActiveCfg = Debug|x64
		{4E3BDB59-2A0A-30A7-8DAF-DBD1C42DD892}.Debug|x64.Build.0 = Debug|x64
		{4E3BDB59-2A0A-30A7-8DAF-DBD1C42DD892}.Release|x64.ActiveCfg = Release|x64
		{4E3BDB59-2A0A-30A7-8DAF-DBD1C42DD892}.Release|x64.Build.0 = Release|x64
		{4E3BDB59-2A0A-30A7-8DAF-DBD1C42DD892}.MinSizeRel|x64.ActiveCfg = MinSizeRel|x64
		{4E3BDB59-2A0A-30A7-8DAF-DBD1C42DD892}.MinSizeRel|x64.Build.0 = MinSizeRel|x64
		{4E3BDB59-2A0A-30A7-8DAF-DBD1C42DD892}.RelWithDebInfo|x64.ActiveCfg = RelWithDebInfo|x64
		{4E3BDB59-2A0A-30A7-8DAF-DBD1C42DD892}.RelWithDebInfo|x64.Build.0 = RelWithDebInfo|x64
		{D8CE7F42-6EA0-3056-8A56-A4030DB8123D}.Debug|x64.ActiveCfg = Debug|x64
		{D8CE7F42-6EA0-3056-8A56-A4030DB8123D}.Debug|x64.Build.0 = Debug|x64
		{D8CE7F42-6EA0-3056-8A56-A4030DB8123D}.Release|x64.ActiveCfg = Release|x64
		{D8CE7F42-6EA0-3056-8A56-A4030DB8123D}.Release|x64.Build.0 = Release|x64
		{D8CE7F42-6EA0-3056-8A56-A4030DB8123D}.MinSizeRel|x64.ActiveCfg = MinSizeRel|x64
		{D8CE7F42-6EA0-3056-8A56-A4030DB8123D}.MinSizeRel|x64.Build.0 = MinSizeRel|x64
		{D8CE7F42-6EA0-3056-8A56-A4030DB8123D}.RelWithDebInfo|x64.ActiveCfg = RelWithDebInfo|x64
		{D8CE7F42-6EA0-3056-8A56-A4030DB8123D}.RelWithDebInfo|x64.Build.0 = RelWithDebInfo|x64
		{DD822487-BE86-3C09-880E-F121F229CB8B}.Debug|x64.ActiveCfg = Debug|x64
		{DD822487-BE86-3C09-880E-F121F229CB8B}.Debug|x64.Build.0 = Debug|x64
		{DD822487-BE86-3C09-880E-F121F229CB8B}.Release|x64.ActiveCfg = Release|x64
		{DD822487-BE86-3C09-880E-F121F229CB8B}.Release|x64.Build.0 = Release|x64
		{DD822487-BE86-3C09-880E-F121F229CB8B}.MinSizeRel|x64.ActiveCfg = MinSizeRel|x64
		{DD822487-BE86-3C09-880E-F121F229CB8B}.MinSizeRel|x64.Build.0 = MinSizeRel|x64
		{DD822487-BE86-3C09-880E-F121F229CB8B}.RelWithDebInfo|x64.ActiveCfg = RelWithDebInfo|x64
		{DD822487-BE86-3C09-880E-F121F229CB8B}.RelWithDebInfo|x64.Build.0 = RelWithDebInfo|x64
		{A6D685C2-84EF-384C-8585-1AB1EAB1B925}.Debug|x64.ActiveCfg = Debug|x64
		{A6D685C2-84EF-384C-8585-1AB1EAB1B925}.Debug|x64.Build.0 = Debug|x64
		{A6D685C2-84EF-384C-8585-1AB1EAB1B925}.Release|x64.ActiveCfg = Release|x64
		{A6D685C2-84EF-384C-8585-1AB1EAB1B925}.Release|x64.Build.0 = Release|x64
		{A6D685C2-84EF-384C-8585-1AB1EAB1B925}.MinSizeRel|x64.ActiveCfg = MinSizeRel|x64
		{A6D685C2-84EF-384C-8585-1AB1EAB1B925}.MinSizeRel|x64.Build.0 = MinSizeRel|x64
		{A6D685C2-84EF-384C-8585-1AB1EAB1B925}.RelWithDebInfo|x64.ActiveCfg = RelWithDebInfo|x64
		{A6D685C2-84EF-384C-8585-1AB1EAB1B925}.RelWithDebInfo|x64.Build.0 = RelWithDebInfo|x64
		{66A162D2-750F-300B-8B4B-8D542B4A14C5}.Debug|x64.ActiveCfg = Debug|x64
		{66A162D2-750F-300B-8B4B-8D542B4A14C5}.Debug|x64.Build.0 = Debug|x64
		{66A162D2-750F-300B-8B4B-8D542B4A14C5}.Release|x64.ActiveCfg = Release|x64
		{66A162D2-750F-300B-8B4B-8D542B4A14C5}.Release|x64.Build.0 = Release|x64
		{66A162D2-750F-300B-8B4B-8D542B4A14C5}.MinSizeRel|x64.ActiveCfg = MinSizeRel|x64
		{66A162D2-750F-300B-8B4B-8D542B4A14C5}.MinSizeRel|x64.Build.0 = MinSizeRel|x64
		{66A162D2-750F-300B-8B4B-8D542B4A14C5}.RelWithDebInfo|x64.ActiveCfg = RelWithDebInfo|x64
		{66A162D2-750F-300B-8B4B-8D542B4A14C5}.RelWithDebInfo|x64.Build.0 = RelWithDebInfo|x64
		{8C9A3ABE-B22C-3CDB-A1D4-9FAA7F809760}.Debug|x64.ActiveCfg = Debug|x64
		{8C9A3ABE-B22C-3CDB-A1D4-9FAA7F809760}.Debug|x64.Build.0 = Debug|x64
		{8C9A3ABE-B22C-3CDB-A1D4-9FAA7F809760}.Release|x64.ActiveCfg = Release|x64
		{8C9A3ABE-B22C-3CDB-A1D4-9FAA7F809760}.Release|x64.Build.0 = Release|x64
		{8C9A3ABE-B22C-3CDB-A1D4-9FAA7F809760}.MinSizeRel|x64.ActiveCfg = MinSizeRel|x64
		{8C9A3ABE-B22C-3CDB-A1D4-9FAA7F809760}.MinSizeRel|x64.Build.0 = MinSizeRel|x64
		{8C9A3ABE-B22C-3CDB-A1D4-9FAA7F809760}.RelWithDebInfo|x64.ActiveCfg = RelWithDebInfo|x64
		{8C9A3ABE-B22C-3CDB-A1D4-9FAA7F809760}.RelWithDebInfo|x64.Build.0 = RelWithDebInfo|x64
		{C7E2D25F-7D52-3515-AC1B-9E141E7F14F7}.Debug|x64.ActiveCfg = Debug|x64
		{C7E2D25F-7D52-3515-AC1B-9E141E7F14F7}.Debug|x64.Build.0 = Debug|x64
		{C7E2D25F-7D52-3515-AC1B-9E141E7F14F7}.Release|x64.ActiveCfg = Release|x64
		{C7E2D25F-7D52-3515-AC1B-9E141E7F14F7}.Release|x64.Build.0 = Release|x64
		{C7E2D25F-7D52-3515-AC1B-9E141E7F14F7}.MinSizeRel|x64.ActiveCfg = MinSizeRel|x64
		{C7E2D25F-7D52-3515-AC1B-9E141E7F14F7}.MinSizeRel|x64.Build.0 = MinSizeRel|x64
		{C7E2D25F-7D52-3515-AC1B-9E141E7F14F7}.RelWithDebInfo|x64.ActiveCfg = RelWithDebInfo|x64
		{C7E2D25F-7D52-3515-AC1B-9E141E7F14F7}.RelWithDebInfo|x64.Build.0 = RelWithDebInfo|x64
		{6D9AF11F-1BB7-3E4C-BC58-86FC8231C993}.Debug|x64.ActiveCfg = Debug|x64
		{6D9AF11F-1BB7-3E4C-BC58-86FC8231C993}.Debug|x64.Build.0 = Debug|x64
		{6D9AF11F-1BB7-3E4C-BC58-86FC8231C993}.Release|x64.ActiveCfg = Release|x64
		{6D9AF11F-1BB7-3E4C-BC58-86FC8231C993}.Release|x64.Build.0 = Release|x64
		{6D9AF11F-1BB7-3E4C-BC58-86FC8231C993}.MinSizeRel|x64.ActiveCfg = MinSizeRel|x64
		{6D9AF11F-1BB7-3E4C-BC58-86FC8231C993}.MinSizeRel|x64.Build.0 = MinSizeRel|x64
		{6D9AF11F-1BB7-3E4C-BC58-86FC8231C993}.RelWithDebInfo|x64.ActiveCfg = RelWithDebInfo|x64
		{6D9AF11F-1BB7-3E4C-BC58-86FC8231C993}.RelWithDebInfo|x64.Build.0 = RelWithDebInfo|x64
		{CE4464E5-FE72-3DA8-82E8-D1E4D2628B68}.Debug|x64.ActiveCfg = Debug|x64
		{CE4464E5-FE72-3DA8-82E8-D1E4D2628B68}.Debug|x64.Build.0 = Debug|x64
		{CE4464E5-FE72-3DA8-82E8-D1E4D2628B68}.Release|x64.ActiveCfg = Release|x64
		{CE4464E5-FE72-3DA8-82E8-D1E4D2628B68}.Release|x64.Build.0 = Release|x64
		{CE4464E5-FE72-3DA8-82E8-D1E4D2628B68}.MinSizeRel|x64.ActiveCfg = MinSizeRel|x64
		{CE4464E5-FE72-3DA8-82E8-D1E4D2628B68}.MinSizeRel|x64.Build.0 = MinSizeRel|x64
		{CE4464E5-FE72-3DA8-82E8-D1E4D2628B68}.RelWithDebInfo|x64.ActiveCfg = RelWithDebInfo|x64
		{CE4464E5-FE72-3DA8-82E8-D1E4D2628B68}.RelWithDebInfo|x64.Build.0 = RelWithDebInfo|x64
		{2B18D1C9-BEBC-3F93-9629-9DB6585944CC}.Debug|x64.ActiveCfg = Debug|x64
		{2B18D1C9-BEBC-3F93-9629-9DB6585944CC}.Debug|x64.Build.0 = Debug|x64
		{2B18D1C9-BEBC-3F93-9629-9DB6585944CC}.Release|x64.ActiveCfg = Release|x64
		{2B18D1C9-BEBC-3F93-9629-9DB6585944CC}.Release|x64.Build.0 = Release|x64
		{2B18D1C9-BEBC-3F93-9629-9DB6585944CC}.MinSizeRel|x64.ActiveCfg = MinSizeRel|x64
		{2B18D1C9-BEBC-3F93-9629-9DB6585944CC}.MinSizeRel|x64.Build.0 = MinSizeRel|x64
		{2B18D1C9-BEBC-3F93-9629-9DB6585944CC}.RelWithDebInfo|x64.ActiveCfg = RelWithDebInfo|x64
		{2B18D1C9-BEBC-3F93-9629-9DB6585944CC}.RelWithDebInfo|x64.Build.0 = RelWithDebInfo|x64
		{F325AD1C-7699-34C9-96F0-135254D919EC}.Debug|x64.ActiveCfg = Debug|x64
		{F325AD1C-7699-34C9-96F0-135254D919EC}.Debug|x64.Build.0 = Debug|x64
		{F325AD1C-7699-34C9-96F0-135254D919EC}.Release|x64.ActiveCfg = Release|x64
		{F325AD1C-7699-34C9-96F0-135254D919EC}.Release|x64.Build.0 = Release|x64
		{F325AD1C-7699-34C9-96F0-135254D919EC}.MinSizeRel|x64.ActiveCfg = MinSizeRel|x64
		{F325AD1C-7699-34C9-96F0-135254D919EC}.MinSizeRel|x64.Build.0 = MinSizeRel|x64
		{F325AD1C-7699-34C9-96F0-135254D919EC}.RelWithDebInfo|x64.ActiveCfg = RelWithDebInfo|x64
		{F325AD1C-7699-34C9-96F0-135254D919EC}.RelWithDebInfo|x64.Build.0 = RelWithDebInfo|x64
		{B5208486-8ADB-3F8D-871E-09202EF90A2D}.Debug|x64.ActiveCfg = Debug|x64
		{B5208486-8ADB-3F8D-871E-09202EF90A2D}.Debug|x64.Build.0 = Debug|x64
		{B5208486-8ADB-3F8D-871E-09202EF90A2D}.Release|x64.ActiveCfg = Release|x64
		{B5208486-8ADB-3F8D-871E-09202EF90A2D}.Release|x64.Build.0 = Release|x64
		{B5208486-8ADB-3F8D-871E-09202EF90A2D}.MinSizeRel|x64.ActiveCfg = MinSizeRel|x64
		{B5208486-8ADB-3F8D-871E-09202EF90A2D}.MinSizeRel|x64.Build.0 = MinSizeRel|x64
		{B5208486-8ADB-3F8D-871E-09202EF90A2D}.RelWithDebInfo|x64.ActiveCfg = RelWithDebInfo|x64
		{B5208486-8ADB-3F8D-871E-09202EF90A2D}.RelWithDebInfo|x64.Build.0 = RelWithDebInfo|x64
		{1879904F-FB42-330B-BC62-ABAE2ABD8560}.Debug|x64.ActiveCfg = Debug|x64
		{1879904F-FB42-330B-BC62-ABAE2ABD8560}.Debug|x64.Build.0 = Debug|x64
		{1879904F-FB42-330B-BC62-ABAE2ABD8560}.Release|x64.ActiveCfg = Release|x64
		{1879904F-FB42-330B-BC62-ABAE2ABD8560}.Release|x64.Build.0 = Release|x64
		{1879904F-FB42-330B-BC62-ABAE2ABD8560}.MinSizeRel|x64.ActiveCfg = MinSizeRel|x64
		{1879904F-FB42-330B-BC62-ABAE2ABD8560}.MinSizeRel|x64.Build.0 = MinSizeRel|x64
		{1879904F-FB42-330B-BC62-ABAE2ABD8560}.RelWithDebInfo|x64.ActiveCfg = RelWithDebInfo|x64
		{1879904F-FB42-330B-BC62-ABAE2ABD8560}.RelWithDebInfo|x64.Build.0 = RelWithDebInfo|x64
		{FFDBD59D-0A67-3BF1-9580-9C4EAE5506D5}.Debug|x64.ActiveCfg = Debug|x64
		{FFDBD59D-0A67-3BF1-9580-9C4EAE5506D5}.Debug|x64.Build.0 = Debug|x64
		{FFDBD59D-0A67-3BF1-9580-9C4EAE5506D5}.Release|x64.ActiveCfg = Release|x64
		{FFDBD59D-0A67-3BF1-9580-9C4EAE5506D5}.Release|x64.Build.0 = Release|x64
		{FFDBD59D-0A67-3BF1-9580-9C4EAE5506D5}.MinSizeRel|x64.ActiveCfg = MinSizeRel|x64
		{FFDBD59D-0A67-3BF1-9580-9C4EAE5506D5}.MinSizeRel|x64.Build.0 = MinSizeRel|x64
		{FFDBD59D-0A67-3BF1-9580-9C4EAE5506D5}.RelWithDebInfo|x64.ActiveCfg = RelWithDebInfo|x64
		{FFDBD59D-0A67-3BF1-9580-9C4EAE5506D5}.RelWithDebInfo|x64.Build.0 = RelWithDebInfo|x64
		{555D0FFD-1B8B-30BC-A342-E8A40AC6B0BF}.Debug|x64.ActiveCfg = Debug|x64
		{555D0FFD-1B8B-30BC-A342-E8A40AC6B0BF}.Debug|x64.Build.0 = Debug|x64
		{555D0FFD-1B8B-30BC-A342-E8A40AC6B0BF}.Release|x64.ActiveCfg = Release|x64
		{555D0FFD-1B8B-30BC-A342-E8A40AC6B0BF}.Release|x64.Build.0 = Release|x64
		{555D0FFD-1B8B-30BC-A342-E8A40AC6B0BF}.MinSizeRel|x64.ActiveCfg = MinSizeRel|x64
		{555D0FFD-1B8B-30BC-A342-E8A40AC6B0BF}.MinSizeRel|x64.Build.0 = MinSizeRel|x64
		{555D0FFD-1B8B-30BC-A342-E8A40AC6B0BF}.RelWithDebInfo|x64.ActiveCfg = RelWithDebInfo|x64
		{555D0FFD-1B8B-30BC-A342-E8A40AC6B0BF}.RelWithDebInfo|x64.Build.0 = RelWithDebInfo|x64
		{ACC4A094-D54A-3121-A3AC-4AD1257CF2AF}.Debug|x64.ActiveCfg = Debug|x64
		{ACC4A094-D54A-3121-A3AC-4AD1257CF2AF}.Debug|x64.Build.0 = Debug|x64
		{ACC4A094-D54A-3121-A3AC-4AD1257CF2AF}.Release|x64.ActiveCfg = Release|x64
		{ACC4A094-D54A-3121-A3AC-4AD1257CF2AF}.Release|x64.Build.0 = Release|x64
		{ACC4A094-D54A-3121-A3AC-4AD1257CF2AF}.MinSizeRel|x64.ActiveCfg = MinSizeRel|x64
		{ACC4A094-D54A-3121-A3AC-4AD1257CF2AF}.MinSizeRel|x64.Build.0 = MinSizeRel|x64
		{ACC4A094-D54A-3121-A3AC-4AD1257CF2AF}.RelWithDebInfo|x64.ActiveCfg = RelWithDebInfo|x64
		{ACC4A094-D54A-3121-A3AC-4AD1257CF2AF}.RelWithDebInfo|x64.Build.0 = RelWithDebInfo|x64
		{E27C5B4A-BDC9-3CF8-8507-34A200B7DE3F}.Debug|x64.ActiveCfg = Debug|x64
		{E27C5B4A-BDC9-3CF8-8507-34A200B7DE3F}.Debug|x64.Build.0 = Debug|x64
		{E27C5B4A-BDC9-3CF8-8507-34A200B7DE3F}.Release|x64.ActiveCfg = Release|x64
		{E27C5B4A-BDC9-3CF8-8507-34A200B7DE3F}.Release|x64.Build.0 = Release|x64
		{E27C5B4A-BDC9-3CF8-8507-34A200B7DE3F}.MinSizeRel|x64.ActiveCfg = MinSizeRel|x64
		{E27C5B4A-BDC9-3CF8-8507-34A200B7DE3F}.MinSizeRel|x64.Build.0 = MinSizeRel|x64
		{E27C5B4A-BDC9-3CF8-8507-34A200B7DE3F}.RelWithDebInfo|x64.ActiveCfg = RelWithDebInfo|x64
		{E27C5B4A-BDC9-3CF8-8507-34A200B7DE3F}.RelWithDebInfo|x64.Build.0 = RelWithDebInfo|x64
		{C7AC62A9-AD48-35FE-8CEF-74B7A98E4EE6}.Debug|x64.ActiveCfg = Debug|x64
		{C7AC62A9-AD48-35FE-8CEF-74B7A98E4EE6}.Debug|x64.Build.0 = Debug|x64
		{C7AC62A9-AD48-35FE-8CEF-74B7A98E4EE6}.Release|x64.ActiveCfg = Release|x64
		{C7AC62A9-AD48-35FE-8CEF-74B7A98E4EE6}.Release|x64.Build.0 = Release|x64
		{C7AC62A9-AD48-35FE-8CEF-74B7A98E4EE6}.MinSizeRel|x64.ActiveCfg = MinSizeRel|x64
		{C7AC62A9-AD48-35FE-8CEF-74B7A98E4EE6}.MinSizeRel|x64.Build.0 = MinSizeRel|x64
		{C7AC62A9-AD48-35FE-8CEF-74B7A98E4EE6}.RelWithDebInfo|x64.ActiveCfg = RelWithDebInfo|x64
		{C7AC62A9-AD48-35FE-8CEF-74B7A98E4EE6}.RelWithDebInfo|x64.Build.0 = RelWithDebInfo|x64
		{0CF8D890-48F4-3F2A-93BD-438B1CE567CE}.Debug|x64.ActiveCfg = Debug|x64
		{0CF8D890-48F4-3F2A-93BD-438B1CE567CE}.Debug|x64.Build.0 = Debug|x64
		{0CF8D890-48F4-3F2A-93BD-438B1CE567CE}.Release|x64.ActiveCfg = Release|x64
		{0CF8D890-48F4-3F2A-93BD-438B1CE567CE}.Release|x64.Build.0 = Release|x64
		{0CF8D890-48F4-3F2A-93BD-438B1CE567CE}.MinSizeRel|x64.ActiveCfg = MinSizeRel|x64
		{0CF8D890-48F4-3F2A-93BD-438B1CE567CE}.MinSizeRel|x64.Build.0 = MinSizeRel|x64
		{0CF8D890-48F4-3F2A-93BD-438B1CE567CE}.RelWithDebInfo|x64.ActiveCfg = RelWithDebInfo|x64
		{0CF8D890-48F4-3F2A-93BD-438B1CE567CE}.RelWithDebInfo|x64.Build.0 = RelWithDebInfo|x64
		{0443E62F-588C-3A7F-B5B2-6D566D2840F5}.Debug|x64.ActiveCfg = Debug|x64
		{0443E62F-588C-3A7F-B5B2-6D566D2840F5}.Debug|x64.Build.0 = Debug|x64
		{0443E62F-588C-3A7F-B5B2-6D566D2840F5}.Release|x64.ActiveCfg = Release|x64
		{0443E62F-588C-3A7F-B5B2-6D566D2840F5}.Release|x64.Build.0 = Release|x64
		{0443E62F-588C-3A7F-B5B2-6D566D2840F5}.MinSizeRel|x64.ActiveCfg = MinSizeRel|x64
		{0443E62F-588C-3A7F-B5B2-6D566D2840F5}.MinSizeRel|x64.Build.0 = MinSizeRel|x64
		{0443E62F-588C-3A7F-B5B2-6D566D2840F5}.RelWithDebInfo|x64.ActiveCfg = RelWithDebInfo|x64
		{0443E62F-588C-3A7F-B5B2-6D566D2840F5}.RelWithDebInfo|x64.Build.0 = RelWithDebInfo|x64
		{ED4FAAA3-B74B-38B2-9E15-0669B82D06B3}.Debug|x64.ActiveCfg = Debug|x64
		{ED4FAAA3-B74B-38B2-9E15-0669B82D06B3}.Debug|x64.Build.0 = Debug|x64
		{ED4FAAA3-B74B-38B2-9E15-0669B82D06B3}.Release|x64.ActiveCfg = Release|x64
		{ED4FAAA3-B74B-38B2-9E15-0669B82D06B3}.Release|x64.Build.0 = Release|x64
		{ED4FAAA3-B74B-38B2-9E15-0669B82D06B3}.MinSizeRel|x64.ActiveCfg = MinSizeRel|x64
		{ED4FAAA3-B74B-38B2-9E15-0669B82D06B3}.MinSizeRel|x64.Build.0 = MinSizeRel|x64
		{ED4FAAA3-B74B-38B2-9E15-0669B82D06B3}.RelWithDebInfo|x64.ActiveCfg = RelWithDebInfo|x64
		{ED4FAAA3-B74B-38B2-9E15-0669B82D06B3}.RelWithDebInfo|x64.Build.0 = RelWithDebInfo|x64
		{4A87D8BD-ECF7-3070-A229-526885DCF1A6}.Debug|x64.ActiveCfg = Debug|x64
		{4A87D8BD-ECF7-3070-A229-526885DCF1A6}.Debug|x64.Build.0 = Debug|x64
		{4A87D8BD-ECF7-3070-A229-526885DCF1A6}.Release|x64.ActiveCfg = Release|x64
		{4A87D8BD-ECF7-3070-A229-526885DCF1A6}.Release|x64.Build.0 = Release|x64
		{4A87D8BD-ECF7-3070-A229-526885DCF1A6}.MinSizeRel|x64.ActiveCfg = MinSizeRel|x64
		{4A87D8BD-ECF7-3070-A229-526885DCF1A6}.MinSizeRel|x64.Build.0 = MinSizeRel|x64
		{4A87D8BD-ECF7-3070-A229-526885DCF1A6}.RelWithDebInfo|x64.ActiveCfg = RelWithDebInfo|x64
		{4A87D8BD-ECF7-3070-A229-526885DCF1A6}.RelWithDebInfo|x64.Build.0 = RelWithDebInfo|x64
		{5CAE544C-8B27-3145-B822-E1C7AC4FA5FA}.Debug|x64.ActiveCfg = Debug|x64
		{5CAE544C-8B27-3145-B822-E1C7AC4FA5FA}.Debug|x64.Build.0 = Debug|x64
		{5CAE544C-8B27-3145-B822-E1C7AC4FA5FA}.Release|x64.ActiveCfg = Release|x64
		{5CAE544C-8B27-3145-B822-E1C7AC4FA5FA}.Release|x64.Build.0 = Release|x64
		{5CAE544C-8B27-3145-B822-E1C7AC4FA5FA}.MinSizeRel|x64.ActiveCfg = MinSizeRel|x64
		{5CAE544C-8B27-3145-B822-E1C7AC4FA5FA}.MinSizeRel|x64.Build.0 = MinSizeRel|x64
		{5CAE544C-8B27-3145-B822-E1C7AC4FA5FA}.RelWithDebInfo|x64.ActiveCfg = RelWithDebInfo|x64
		{5CAE544C-8B27-3145-B822-E1C7AC4FA5FA}.RelWithDebInfo|x64.Build.0 = RelWithDebInfo|x64
		{AB49DEE4-1043-3F7D-AFC4-4C549F1A7A4E}.Debug|x64.ActiveCfg = Debug|x64
		{AB49DEE4-1043-3F7D-AFC4-4C549F1A7A4E}.Debug|x64.Build.0 = Debug|x64
		{AB49DEE4-1043-3F7D-AFC4-4C549F1A7A4E}.Release|x64.ActiveCfg = Release|x64
		{AB49DEE4-1043-3F7D-AFC4-4C549F1A7A4E}.Release|x64.Build.0 = Release|x64
		{AB49DEE4-1043-3F7D-AFC4-4C549F1A7A4E}.MinSizeRel|x64.ActiveCfg = MinSizeRel|x64
		{AB49DEE4-1043-3F7D-AFC4-4C549F1A7A4E}.MinSizeRel|x64.Build.0 = MinSizeRel|x64
		{AB49DEE4-1043-3F7D-AFC4-4C549F1A7A4E}.RelWithDebInfo|x64.ActiveCfg = RelWithDebInfo|x64
		{AB49DEE4-1043-3F7D-AFC4-4C549F1A7A4E}.RelWithDebInfo|x64.Build.0 = RelWithDebInfo|x64
		{4774D6A7-A787-3EE1-838C-2E4BE9AD9AE4}.Debug|x64.ActiveCfg = Debug|x64
		{4774D6A7-A787-3EE1-838C-2E4BE9AD9AE4}.Debug|x64.Build.0 = Debug|x64
		{4774D6A7-A787-3EE1-838C-2E4BE9AD9AE4}.Release|x64.ActiveCfg = Release|x64
		{4774D6A7-A787-3EE1-838C-2E4BE9AD9AE4}.Release|x64.Build.0 = Release|x64
		{4774D6A7-A787-3EE1-838C-2E4BE9AD9AE4}.MinSizeRel|x64.ActiveCfg = MinSizeRel|x64
		{4774D6A7-A787-3EE1-838C-2E4BE9AD9AE4}.MinSizeRel|x64.Build.0 = MinSizeRel|x64
		{4774D6A7-A787-3EE1-838C-2E4BE9AD9AE4}.RelWithDebInfo|x64.ActiveCfg = RelWithDebInfo|x64
		{4774D6A7-A787-3EE1-838C-2E4BE9AD9AE4}.RelWithDebInfo|x64.Build.0 = RelWithDebInfo|x64
		{4172653A-E640-3393-870B-EF701F09F2B3}.Debug|x64.ActiveCfg = Debug|x64
		{4172653A-E640-3393-870B-EF701F09F2B3}.Debug|x64.Build.0 = Debug|x64
		{4172653A-E640-3393-870B-EF701F09F2B3}.Release|x64.ActiveCfg = Release|x64
		{4172653A-E640-3393-870B-EF701F09F2B3}.Release|x64.Build.0 = Release|x64
		{4172653A-E640-3393-870B-EF701F09F2B3}.MinSizeRel|x64.ActiveCfg = MinSizeRel|x64
		{4172653A-E640-3393-870B-EF701F09F2B3}.MinSizeRel|x64.Build.0 = MinSizeRel|x64
		{4172653A-E640-3393-870B-EF701F09F2B3}.RelWithDebInfo|x64.ActiveCfg = RelWithDebInfo|x64
		{4172653A-E640-3393-870B-EF701F09F2B3}.RelWithDebInfo|x64.Build.0 = RelWithDebInfo|x64
		{8E42E1BE-B41B-35FC-8D92-9900E43E48F0}.Debug|x64.ActiveCfg = Debug|x64
		{8E42E1BE-B41B-35FC-8D92-9900E43E48F0}.Debug|x64.Build.0 = Debug|x64
		{8E42E1BE-B41B-35FC-8D92-9900E43E48F0}.Release|x64.ActiveCfg = Release|x64
		{8E42E1BE-B41B-35FC-8D92-9900E43E48F0}.Release|x64.Build.0 = Release|x64
		{8E42E1BE-B41B-35FC-8D92-9900E43E48F0}.MinSizeRel|x64.ActiveCfg = MinSizeRel|x64
		{8E42E1BE-B41B-35FC-8D92-9900E43E48F0}.MinSizeRel|x64.Build.0 = MinSizeRel|x64
		{8E42E1BE-B41B-35FC-8D92-9900E43E48F0}.RelWithDebInfo|x64.ActiveCfg = RelWithDebInfo|x64
		{8E42E1BE-B41B-35FC-8D92-9900E43E48F0}.RelWithDebInfo|x64.Build.0 = RelWithDebInfo|x64
		{28253966-E97B-32F9-BF85-2878943A118E}.Debug|x64.ActiveCfg = Debug|x64
		{28253966-E97B-32F9-BF85-2878943A118E}.Debug|x64.Build.0 = Debug|x64
		{28253966-E97B-32F9-BF85-2878943A118E}.Release|x64.ActiveCfg = Release|x64
		{28253966-E97B-32F9-BF85-2878943A118E}.Release|x64.Build.0 = Release|x64
		{28253966-E97B-32F9-BF85-2878943A118E}.MinSizeRel|x64.ActiveCfg = MinSizeRel|x64
		{28253966-E97B-32F9-BF85-2878943A118E}.MinSizeRel|x64.Build.0 = MinSizeRel|x64
		{28253966-E97B-32F9-BF85-2878943A118E}.RelWithDebInfo|x64.ActiveCfg = RelWithDebInfo|x64
		{28253966-E97B-32F9-BF85-2878943A118E}.RelWithDebInfo|x64.Build.0 = RelWithDebInfo|x64
		{6BDB9EE1-34C3-3FF9-9F79-4368182FD085}.Debug|x64.ActiveCfg = Debug|x64
		{6BDB9EE1-34C3-3FF9-9F79-4368182FD085}.Debug|x64.Build.0 = Debug|x64
		{6BDB9EE1-34C3-3FF9-9F79-4368182FD085}.Release|x64.ActiveCfg = Release|x64
		{6BDB9EE1-34C3-3FF9-9F79-4368182FD085}.Release|x64.Build.0 = Release|x64
		{6BDB9EE1-34C3-3FF9-9F79-4368182FD085}.MinSizeRel|x64.ActiveCfg = MinSizeRel|x64
		{6BDB9EE1-34C3-3FF9-9F79-4368182FD085}.MinSizeRel|x64.Build.0 = MinSizeRel|x64
		{6BDB9EE1-34C3-3FF9-9F79-4368182FD085}.RelWithDebInfo|x64.ActiveCfg = RelWithDebInfo|x64
		{6BDB9EE1-34C3-3FF9-9F79-4368182FD085}.RelWithDebInfo|x64.Build.0 = RelWithDebInfo|x64
		{54734ADC-83A5-3282-8753-93DAFBD4E465}.Debug|x64.ActiveCfg = Debug|x64
		{54734ADC-83A5-3282-8753-93DAFBD4E465}.Debug|x64.Build.0 = Debug|x64
		{54734ADC-83A5-3282-8753-93DAFBD4E465}.Release|x64.ActiveCfg = Release|x64
		{54734ADC-83A5-3282-8753-93DAFBD4E465}.Release|x64.Build.0 = Release|x64
		{54734ADC-83A5-3282-8753-93DAFBD4E465}.MinSizeRel|x64.ActiveCfg = MinSizeRel|x64
		{54734ADC-83A5-3282-8753-93DAFBD4E465}.MinSizeRel|x64.Build.0 = MinSizeRel|x64
		{54734ADC-83A5-3282-8753-93DAFBD4E465}.RelWithDebInfo|x64.ActiveCfg = RelWithDebInfo|x64
		{54734ADC-83A5-3282-8753-93DAFBD4E465}.RelWithDebInfo|x64.Build.0 = RelWithDebInfo|x64
		{2A2B314F-BAFC-3604-A229-88B419D8BBF9}.Debug|x64.ActiveCfg = Debug|x64
		{2A2B314F-BAFC-3604-A229-88B419D8BBF9}.Debug|x64.Build.0 = Debug|x64
		{2A2B314F-BAFC-3604-A229-88B419D8BBF9}.Release|x64.ActiveCfg = Release|x64
		{2A2B314F-BAFC-3604-A229-88B419D8BBF9}.Release|x64.Build.0 = Release|x64
		{2A2B314F-BAFC-3604-A229-88B419D8BBF9}.MinSizeRel|x64.ActiveCfg = MinSizeRel|x64
		{2A2B314F-BAFC-3604-A229-88B419D8BBF9}.MinSizeRel|x64.Build.0 = MinSizeRel|x64
		{2A2B314F-BAFC-3604-A229-88B419D8BBF9}.RelWithDebInfo|x64.ActiveCfg = RelWithDebInfo|x64
		{2A2B314F-BAFC-3604-A229-88B419D8BBF9}.RelWithDebInfo|x64.Build.0 = RelWithDebInfo|x64
		{09966966-C962-3D9E-B9B9-60C00DCF8597}.Debug|x64.ActiveCfg = Debug|x64
		{09966966-C962-3D9E-B9B9-60C00DCF8597}.Release|x64.ActiveCfg = Release|x64
		{09966966-C962-3D9E-B9B9-60C00DCF8597}.MinSizeRel|x64.ActiveCfg = MinSizeRel|x64
		{09966966-C962-3D9E-B9B9-60C00DCF8597}.RelWithDebInfo|x64.ActiveCfg = RelWithDebInfo|x64
		{836FCA6D-9CA3-31E8-BB0E-B196278AB7E1}.Debug|x64.ActiveCfg = Debug|x64
		{836FCA6D-9CA3-31E8-BB0E-B196278AB7E1}.Debug|x64.Build.0 = Debug|x64
		{836FCA6D-9CA3-31E8-BB0E-B196278AB7E1}.Release|x64.ActiveCfg = Release|x64
		{836FCA6D-9CA3-31E8-BB0E-B196278AB7E1}.Release|x64.Build.0 = Release|x64
		{836FCA6D-9CA3-31E8-BB0E-B196278AB7E1}.MinSizeRel|x64.ActiveCfg = MinSizeRel|x64
		{836FCA6D-9CA3-31E8-BB0E-B196278AB7E1}.MinSizeRel|x64.Build.0 = MinSizeRel|x64
		{836FCA6D-9CA3-31E8-BB0E-B196278AB7E1}.RelWithDebInfo|x64.ActiveCfg = RelWithDebInfo|x64
		{836FCA6D-9CA3-31E8-BB0E-B196278AB7E1}.RelWithDebInfo|x64.Build.0 = RelWithDebInfo|x64
		{BA8A5EBD-C83B-3C56-BBA9-F73CA6E5A7A5}.Debug|x64.ActiveCfg = Debug|x64
		{BA8A5EBD-C83B-3C56-BBA9-F73CA6E5A7A5}.Debug|x64.Build.0 = Debug|x64
		{BA8A5EBD-C83B-3C56-BBA9-F73CA6E5A7A5}.Release|x64.ActiveCfg = Release|x64
		{BA8A5EBD-C83B-3C56-BBA9-F73CA6E5A7A5}.Release|x64.Build.0 = Release|x64
		{BA8A5EBD-C83B-3C56-BBA9-F73CA6E5A7A5}.MinSizeRel|x64.ActiveCfg = MinSizeRel|x64
		{BA8A5EBD-C83B-3C56-BBA9-F73CA6E5A7A5}.MinSizeRel|x64.Build.0 = MinSizeRel|x64
		{BA8A5EBD-C83B-3C56-BBA9-F73CA6E5A7A5}.RelWithDebInfo|x64.ActiveCfg = RelWithDebInfo|x64
		{BA8A5EBD-C83B-3C56-BBA9-F73CA6E5A7A5}.RelWithDebInfo|x64.Build.0 = RelWithDebInfo|x64
		{64CAFCA0-71BF-3B71-9776-FA6913F98166}.Debug|x64.ActiveCfg = Debug|x64
		{64CAFCA0-71BF-3B71-9776-FA6913F98166}.Debug|x64.Build.0 = Debug|x64
		{64CAFCA0-71BF-3B71-9776-FA6913F98166}.Release|x64.ActiveCfg = Release|x64
		{64CAFCA0-71BF-3B71-9776-FA6913F98166}.Release|x64.Build.0 = Release|x64
		{64CAFCA0-71BF-3B71-9776-FA6913F98166}.MinSizeRel|x64.ActiveCfg = MinSizeRel|x64
		{64CAFCA0-71BF-3B71-9776-FA6913F98166}.MinSizeRel|x64.Build.0 = MinSizeRel|x64
		{64CAFCA0-71BF-3B71-9776-FA6913F98166}.RelWithDebInfo|x64.ActiveCfg = RelWithDebInfo|x64
		{64CAFCA0-71BF-3B71-9776-FA6913F98166}.RelWithDebInfo|x64.Build.0 = RelWithDebInfo|x64
		{F29C9087-E28F-30E3-9333-814CD5E48ECB}.Debug|x64.ActiveCfg = Debug|x64
		{F29C9087-E28F-30E3-9333-814CD5E48ECB}.Debug|x64.Build.0 = Debug|x64
		{F29C9087-E28F-30E3-9333-814CD5E48ECB}.Release|x64.ActiveCfg = Release|x64
		{F29C9087-E28F-30E3-9333-814CD5E48ECB}.Release|x64.Build.0 = Release|x64
		{F29C9087-E28F-30E3-9333-814CD5E48ECB}.MinSizeRel|x64.ActiveCfg = MinSizeRel|x64
		{F29C9087-E28F-30E3-9333-814CD5E48ECB}.MinSizeRel|x64.Build.0 = MinSizeRel|x64
		{F29C9087-E28F-30E3-9333-814CD5E48ECB}.RelWithDebInfo|x64.ActiveCfg = RelWithDebInfo|x64
		{F29C9087-E28F-30E3-9333-814CD5E48ECB}.RelWithDebInfo|x64.Build.0 = RelWithDebInfo|x64
		{BBBEDA1C-D0D7-3C7F-B8D9-B324E18977B0}.Debug|x64.ActiveCfg = Debug|x64
		{BBBEDA1C-D0D7-3C7F-B8D9-B324E18977B0}.Debug|x64.Build.0 = Debug|x64
		{BBBEDA1C-D0D7-3C7F-B8D9-B324E18977B0}.Release|x64.ActiveCfg = Release|x64
		{BBBEDA1C-D0D7-3C7F-B8D9-B324E18977B0}.Release|x64.Build.0 = Release|x64
		{BBBEDA1C-D0D7-3C7F-B8D9-B324E18977B0}.MinSizeRel|x64.ActiveCfg = MinSizeRel|x64
		{BBBEDA1C-D0D7-3C7F-B8D9-B324E18977B0}.MinSizeRel|x64.Build.0 = MinSizeRel|x64
		{BBBEDA1C-D0D7-3C7F-B8D9-B324E18977B0}.RelWithDebInfo|x64.ActiveCfg = RelWithDebInfo|x64
		{BBBEDA1C-D0D7-3C7F-B8D9-B324E18977B0}.RelWithDebInfo|x64.Build.0 = RelWithDebInfo|x64
		{76E1FC1E-2EF1-3B11-AEA4-583039CE8504}.Debug|x64.ActiveCfg = Debug|x64
		{76E1FC1E-2EF1-3B11-AEA4-583039CE8504}.Debug|x64.Build.0 = Debug|x64
		{76E1FC1E-2EF1-3B11-AEA4-583039CE8504}.Release|x64.ActiveCfg = Release|x64
		{76E1FC1E-2EF1-3B11-AEA4-583039CE8504}.Release|x64.Build.0 = Release|x64
		{76E1FC1E-2EF1-3B11-AEA4-583039CE8504}.MinSizeRel|x64.ActiveCfg = MinSizeRel|x64
		{76E1FC1E-2EF1-3B11-AEA4-583039CE8504}.MinSizeRel|x64.Build.0 = MinSizeRel|x64
		{76E1FC1E-2EF1-3B11-AEA4-583039CE8504}.RelWithDebInfo|x64.ActiveCfg = RelWithDebInfo|x64
		{76E1FC1E-2EF1-3B11-AEA4-583039CE8504}.RelWithDebInfo|x64.Build.0 = RelWithDebInfo|x64
		{992EDC7D-AAD3-3684-9D1F-6CAB8DCCC86C}.Debug|x64.ActiveCfg = Debug|x64
		{992EDC7D-AAD3-3684-9D1F-6CAB8DCCC86C}.Debug|x64.Build.0 = Debug|x64
		{992EDC7D-AAD3-3684-9D1F-6CAB8DCCC86C}.Release|x64.ActiveCfg = Release|x64
		{992EDC7D-AAD3-3684-9D1F-6CAB8DCCC86C}.Release|x64.Build.0 = Release|x64
		{992EDC7D-AAD3-3684-9D1F-6CAB8DCCC86C}.MinSizeRel|x64.ActiveCfg = MinSizeRel|x64
		{992EDC7D-AAD3-3684-9D1F-6CAB8DCCC86C}.MinSizeRel|x64.Build.0 = MinSizeRel|x64
		{992EDC7D-AAD3-3684-9D1F-6CAB8DCCC86C}.RelWithDebInfo|x64.ActiveCfg = RelWithDebInfo|x64
		{992EDC7D-AAD3-3684-9D1F-6CAB8DCCC86C}.RelWithDebInfo|x64.Build.0 = RelWithDebInfo|x64
		{09210ADD-594B-32D8-963A-A5AD8A8AB70A}.Debug|x64.ActiveCfg = Debug|x64
		{09210ADD-594B-32D8-963A-A5AD8A8AB70A}.Debug|x64.Build.0 = Debug|x64
		{09210ADD-594B-32D8-963A-A5AD8A8AB70A}.Release|x64.ActiveCfg = Release|x64
		{09210ADD-594B-32D8-963A-A5AD8A8AB70A}.Release|x64.Build.0 = Release|x64
		{09210ADD-594B-32D8-963A-A5AD8A8AB70A}.MinSizeRel|x64.ActiveCfg = MinSizeRel|x64
		{09210ADD-594B-32D8-963A-A5AD8A8AB70A}.MinSizeRel|x64.Build.0 = MinSizeRel|x64
		{09210ADD-594B-32D8-963A-A5AD8A8AB70A}.RelWithDebInfo|x64.ActiveCfg = RelWithDebInfo|x64
		{09210ADD-594B-32D8-963A-A5AD8A8AB70A}.RelWithDebInfo|x64.Build.0 = RelWithDebInfo|x64
		{107BF3A4-F908-31AA-9B9B-1870432D4C22}.Debug|x64.ActiveCfg = Debug|x64
		{107BF3A4-F908-31AA-9B9B-1870432D4C22}.Debug|x64.Build.0 = Debug|x64
		{107BF3A4-F908-31AA-9B9B-1870432D4C22}.Release|x64.ActiveCfg = Release|x64
		{107BF3A4-F908-31AA-9B9B-1870432D4C22}.Release|x64.Build.0 = Release|x64
		{107BF3A4-F908-31AA-9B9B-1870432D4C22}.MinSizeRel|x64.ActiveCfg = MinSizeRel|x64
		{107BF3A4-F908-31AA-9B9B-1870432D4C22}.MinSizeRel|x64.Build.0 = MinSizeRel|x64
		{107BF3A4-F908-31AA-9B9B-1870432D4C22}.RelWithDebInfo|x64.ActiveCfg = RelWithDebInfo|x64
		{107BF3A4-F908-31AA-9B9B-1870432D4C22}.RelWithDebInfo|x64.Build.0 = RelWithDebInfo|x64
		{BB82F573-37BD-3B42-8103-6201E15C0BE4}.Debug|x64.ActiveCfg = Debug|x64
		{BB82F573-37BD-3B42-8103-6201E15C0BE4}.Debug|x64.Build.0 = Debug|x64
		{BB82F573-37BD-3B42-8103-6201E15C0BE4}.Release|x64.ActiveCfg = Release|x64
		{BB82F573-37BD-3B42-8103-6201E15C0BE4}.Release|x64.Build.0 = Release|x64
		{BB82F573-37BD-3B42-8103-6201E15C0BE4}.MinSizeRel|x64.ActiveCfg = MinSizeRel|x64
		{BB82F573-37BD-3B42-8103-6201E15C0BE4}.MinSizeRel|x64.Build.0 = MinSizeRel|x64
		{BB82F573-37BD-3B42-8103-6201E15C0BE4}.RelWithDebInfo|x64.ActiveCfg = RelWithDebInfo|x64
		{BB82F573-37BD-3B42-8103-6201E15C0BE4}.RelWithDebInfo|x64.Build.0 = RelWithDebInfo|x64
		{CD43C1B7-25C6-3DEC-A67B-324E55369258}.Debug|x64.ActiveCfg = Debug|x64
		{CD43C1B7-25C6-3DEC-A67B-324E55369258}.Debug|x64.Build.0 = Debug|x64
		{CD43C1B7-25C6-3DEC-A67B-324E55369258}.Release|x64.ActiveCfg = Release|x64
		{CD43C1B7-25C6-3DEC-A67B-324E55369258}.Release|x64.Build.0 = Release|x64
		{CD43C1B7-25C6-3DEC-A67B-324E55369258}.MinSizeRel|x64.ActiveCfg = MinSizeRel|x64
		{CD43C1B7-25C6-3DEC-A67B-324E55369258}.MinSizeRel|x64.Build.0 = MinSizeRel|x64
		{CD43C1B7-25C6-3DEC-A67B-324E55369258}.RelWithDebInfo|x64.ActiveCfg = RelWithDebInfo|x64
		{CD43C1B7-25C6-3DEC-A67B-324E55369258}.RelWithDebInfo|x64.Build.0 = RelWithDebInfo|x64
		{0526E313-79EB-3082-9131-F7AB4172D7DA}.Debug|x64.ActiveCfg = Debug|x64
		{0526E313-79EB-3082-9131-F7AB4172D7DA}.Debug|x64.Build.0 = Debug|x64
		{0526E313-79EB-3082-9131-F7AB4172D7DA}.Release|x64.ActiveCfg = Release|x64
		{0526E313-79EB-3082-9131-F7AB4172D7DA}.Release|x64.Build.0 = Release|x64
		{0526E313-79EB-3082-9131-F7AB4172D7DA}.MinSizeRel|x64.ActiveCfg = MinSizeRel|x64
		{0526E313-79EB-3082-9131-F7AB4172D7DA}.MinSizeRel|x64.Build.0 = MinSizeRel|x64
		{0526E313-79EB-3082-9131-F7AB4172D7DA}.RelWithDebInfo|x64.ActiveCfg = RelWithDebInfo|x64
		{0526E313-79EB-3082-9131-F7AB4172D7DA}.RelWithDebInfo|x64.Build.0 = RelWithDebInfo|x64
		{C86A223F-6A0E-3445-9640-97D7FC73DEA6}.Debug|x64.ActiveCfg = Debug|x64
		{C86A223F-6A0E-3445-9640-97D7FC73DEA6}.Debug|x64.Build.0 = Debug|x64
		{C86A223F-6A0E-3445-9640-97D7FC73DEA6}.Release|x64.ActiveCfg = Release|x64
		{C86A223F-6A0E-3445-9640-97D7FC73DEA6}.Release|x64.Build.0 = Release|x64
		{C86A223F-6A0E-3445-9640-97D7FC73DEA6}.MinSizeRel|x64.ActiveCfg = MinSizeRel|x64
		{C86A223F-6A0E-3445-9640-97D7FC73DEA6}.MinSizeRel|x64.Build.0 = MinSizeRel|x64
		{C86A223F-6A0E-3445-9640-97D7FC73DEA6}.RelWithDebInfo|x64.ActiveCfg = RelWithDebInfo|x64
		{C86A223F-6A0E-3445-9640-97D7FC73DEA6}.RelWithDebInfo|x64.Build.0 = RelWithDebInfo|x64
		{CDA4139B-8917-3CBE-87BD-778AEF2FFBAA}.Debug|x64.ActiveCfg = Debug|x64
		{CDA4139B-8917-3CBE-87BD-778AEF2FFBAA}.Debug|x64.Build.0 = Debug|x64
		{CDA4139B-8917-3CBE-87BD-778AEF2FFBAA}.Release|x64.ActiveCfg = Release|x64
		{CDA4139B-8917-3CBE-87BD-778AEF2FFBAA}.Release|x64.Build.0 = Release|x64
		{CDA4139B-8917-3CBE-87BD-778AEF2FFBAA}.MinSizeRel|x64.ActiveCfg = MinSizeRel|x64
		{CDA4139B-8917-3CBE-87BD-778AEF2FFBAA}.MinSizeRel|x64.Build.0 = MinSizeRel|x64
		{CDA4139B-8917-3CBE-87BD-778AEF2FFBAA}.RelWithDebInfo|x64.ActiveCfg = RelWithDebInfo|x64
		{CDA4139B-8917-3CBE-87BD-778AEF2FFBAA}.RelWithDebInfo|x64.Build.0 = RelWithDebInfo|x64
		{D42093C1-5613-34BA-B439-4B6055EF0D5C}.Debug|x64.ActiveCfg = Debug|x64
		{D42093C1-5613-34BA-B439-4B6055EF0D5C}.Debug|x64.Build.0 = Debug|x64
		{D42093C1-5613-34BA-B439-4B6055EF0D5C}.Release|x64.ActiveCfg = Release|x64
		{D42093C1-5613-34BA-B439-4B6055EF0D5C}.Release|x64.Build.0 = Release|x64
		{D42093C1-5613-34BA-B439-4B6055EF0D5C}.MinSizeRel|x64.ActiveCfg = MinSizeRel|x64
		{D42093C1-5613-34BA-B439-4B6055EF0D5C}.MinSizeRel|x64.Build.0 = MinSizeRel|x64
		{D42093C1-5613-34BA-B439-4B6055EF0D5C}.RelWithDebInfo|x64.ActiveCfg = RelWithDebInfo|x64
		{D42093C1-5613-34BA-B439-4B6055EF0D5C}.RelWithDebInfo|x64.Build.0 = RelWithDebInfo|x64
		{C9B69C18-EA58-38B9-A295-478C96854D24}.Debug|x64.ActiveCfg = Debug|x64
		{C9B69C18-EA58-38B9-A295-478C96854D24}.Debug|x64.Build.0 = Debug|x64
		{C9B69C18-EA58-38B9-A295-478C96854D24}.Release|x64.ActiveCfg = Release|x64
		{C9B69C18-EA58-38B9-A295-478C96854D24}.Release|x64.Build.0 = Release|x64
		{C9B69C18-EA58-38B9-A295-478C96854D24}.MinSizeRel|x64.ActiveCfg = MinSizeRel|x64
		{C9B69C18-EA58-38B9-A295-478C96854D24}.MinSizeRel|x64.Build.0 = MinSizeRel|x64
		{C9B69C18-EA58-38B9-A295-478C96854D24}.RelWithDebInfo|x64.ActiveCfg = RelWithDebInfo|x64
		{C9B69C18-EA58-38B9-A295-478C96854D24}.RelWithDebInfo|x64.Build.0 = RelWithDebInfo|x64
		{78F5DA20-EED6-35B9-ABA3-BF058204CE96}.Debug|x64.ActiveCfg = Debug|x64
		{78F5DA20-EED6-35B9-ABA3-BF058204CE96}.Debug|x64.Build.0 = Debug|x64
		{78F5DA20-EED6-35B9-ABA3-BF058204CE96}.Release|x64.ActiveCfg = Release|x64
		{78F5DA20-EED6-35B9-ABA3-BF058204CE96}.Release|x64.Build.0 = Release|x64
		{78F5DA20-EED6-35B9-ABA3-BF058204CE96}.MinSizeRel|x64.ActiveCfg = MinSizeRel|x64
		{78F5DA20-EED6-35B9-ABA3-BF058204CE96}.MinSizeRel|x64.Build.0 = MinSizeRel|x64
		{78F5DA20-EED6-35B9-ABA3-BF058204CE96}.RelWithDebInfo|x64.ActiveCfg = RelWithDebInfo|x64
		{78F5DA20-EED6-35B9-ABA3-BF058204CE96}.RelWithDebInfo|x64.Build.0 = RelWithDebInfo|x64
		{6BBA2309-AFCC-3DF8-8630-3EF6FC5CD25D}.Debug|x64.ActiveCfg = Debug|x64
		{6BBA2309-AFCC-3DF8-8630-3EF6FC5CD25D}.Debug|x64.Build.0 = Debug|x64
		{6BBA2309-AFCC-3DF8-8630-3EF6FC5CD25D}.Release|x64.ActiveCfg = Release|x64
		{6BBA2309-AFCC-3DF8-8630-3EF6FC5CD25D}.Release|x64.Build.0 = Release|x64
		{6BBA2309-AFCC-3DF8-8630-3EF6FC5CD25D}.MinSizeRel|x64.ActiveCfg = MinSizeRel|x64
		{6BBA2309-AFCC-3DF8-8630-3EF6FC5CD25D}.MinSizeRel|x64.Build.0 = MinSizeRel|x64
		{6BBA2309-AFCC-3DF8-8630-3EF6FC5CD25D}.RelWithDebInfo|x64.ActiveCfg = RelWithDebInfo|x64
		{6BBA2309-AFCC-3DF8-8630-3EF6FC5CD25D}.RelWithDebInfo|x64.Build.0 = RelWithDebInfo|x64
		{94AA1E40-CFA2-33A1-B969-30BF20233625}.Debug|x64.ActiveCfg = Debug|x64
		{94AA1E40-CFA2-33A1-B969-30BF20233625}.Debug|x64.Build.0 = Debug|x64
		{94AA1E40-CFA2-33A1-B969-30BF20233625}.Release|x64.ActiveCfg = Release|x64
		{94AA1E40-CFA2-33A1-B969-30BF20233625}.Release|x64.Build.0 = Release|x64
		{94AA1E40-CFA2-33A1-B969-30BF20233625}.MinSizeRel|x64.ActiveCfg = MinSizeRel|x64
		{94AA1E40-CFA2-33A1-B969-30BF20233625}.MinSizeRel|x64.Build.0 = MinSizeRel|x64
		{94AA1E40-CFA2-33A1-B969-30BF20233625}.RelWithDebInfo|x64.ActiveCfg = RelWithDebInfo|x64
		{94AA1E40-CFA2-33A1-B969-30BF20233625}.RelWithDebInfo|x64.Build.0 = RelWithDebInfo|x64
		{2B031A9B-3B3E-34FC-BA2C-BB2592168283}.Debug|x64.ActiveCfg = Debug|x64
		{2B031A9B-3B3E-34FC-BA2C-BB2592168283}.Debug|x64.Build.0 = Debug|x64
		{2B031A9B-3B3E-34FC-BA2C-BB2592168283}.Release|x64.ActiveCfg = Release|x64
		{2B031A9B-3B3E-34FC-BA2C-BB2592168283}.Release|x64.Build.0 = Release|x64
		{2B031A9B-3B3E-34FC-BA2C-BB2592168283}.MinSizeRel|x64.ActiveCfg = MinSizeRel|x64
		{2B031A9B-3B3E-34FC-BA2C-BB2592168283}.MinSizeRel|x64.Build.0 = MinSizeRel|x64
		{2B031A9B-3B3E-34FC-BA2C-BB2592168283}.RelWithDebInfo|x64.ActiveCfg = RelWithDebInfo|x64
		{2B031A9B-3B3E-34FC-BA2C-BB2592168283}.RelWithDebInfo|x64.Build.0 = RelWithDebInfo|x64
		{C41BF9B5-226A-39EE-A43F-11FEA2142E05}.Debug|x64.ActiveCfg = Debug|x64
		{C41BF9B5-226A-39EE-A43F-11FEA2142E05}.Debug|x64.Build.0 = Debug|x64
		{C41BF9B5-226A-39EE-A43F-11FEA2142E05}.Release|x64.ActiveCfg = Release|x64
		{C41BF9B5-226A-39EE-A43F-11FEA2142E05}.Release|x64.Build.0 = Release|x64
		{C41BF9B5-226A-39EE-A43F-11FEA2142E05}.MinSizeRel|x64.ActiveCfg = MinSizeRel|x64
		{C41BF9B5-226A-39EE-A43F-11FEA2142E05}.MinSizeRel|x64.Build.0 = MinSizeRel|x64
		{C41BF9B5-226A-39EE-A43F-11FEA2142E05}.RelWithDebInfo|x64.ActiveCfg = RelWithDebInfo|x64
		{C41BF9B5-226A-39EE-A43F-11FEA2142E05}.RelWithDebInfo|x64.Build.0 = RelWithDebInfo|x64
		{74AC9582-691D-3DDA-9276-D1505FC42541}.Debug|x64.ActiveCfg = Debug|x64
		{74AC9582-691D-3DDA-9276-D1505FC42541}.Debug|x64.Build.0 = Debug|x64
		{74AC9582-691D-3DDA-9276-D1505FC42541}.Release|x64.ActiveCfg = Release|x64
		{74AC9582-691D-3DDA-9276-D1505FC42541}.Release|x64.Build.0 = Release|x64
		{74AC9582-691D-3DDA-9276-D1505FC42541}.MinSizeRel|x64.ActiveCfg = MinSizeRel|x64
		{74AC9582-691D-3DDA-9276-D1505FC42541}.MinSizeRel|x64.Build.0 = MinSizeRel|x64
		{74AC9582-691D-3DDA-9276-D1505FC42541}.RelWithDebInfo|x64.ActiveCfg = RelWithDebInfo|x64
		{74AC9582-691D-3DDA-9276-D1505FC42541}.RelWithDebInfo|x64.Build.0 = RelWithDebInfo|x64
		{40039ECE-8097-3CE0-9549-96C38E8B7960}.Debug|x64.ActiveCfg = Debug|x64
		{40039ECE-8097-3CE0-9549-96C38E8B7960}.Debug|x64.Build.0 = Debug|x64
		{40039ECE-8097-3CE0-9549-96C38E8B7960}.Release|x64.ActiveCfg = Release|x64
		{40039ECE-8097-3CE0-9549-96C38E8B7960}.Release|x64.Build.0 = Release|x64
		{40039ECE-8097-3CE0-9549-96C38E8B7960}.MinSizeRel|x64.ActiveCfg = MinSizeRel|x64
		{40039ECE-8097-3CE0-9549-96C38E8B7960}.MinSizeRel|x64.Build.0 = MinSizeRel|x64
		{40039ECE-8097-3CE0-9549-96C38E8B7960}.RelWithDebInfo|x64.ActiveCfg = RelWithDebInfo|x64
		{40039ECE-8097-3CE0-9549-96C38E8B7960}.RelWithDebInfo|x64.Build.0 = RelWithDebInfo|x64
		{DB3098B6-6CFA-3AB7-BD88-6064A6BFF1B2}.Debug|x64.ActiveCfg = Debug|x64
		{DB3098B6-6CFA-3AB7-BD88-6064A6BFF1B2}.Debug|x64.Build.0 = Debug|x64
		{DB3098B6-6CFA-3AB7-BD88-6064A6BFF1B2}.Release|x64.ActiveCfg = Release|x64
		{DB3098B6-6CFA-3AB7-BD88-6064A6BFF1B2}.Release|x64.Build.0 = Release|x64
		{DB3098B6-6CFA-3AB7-BD88-6064A6BFF1B2}.MinSizeRel|x64.ActiveCfg = MinSizeRel|x64
		{DB3098B6-6CFA-3AB7-BD88-6064A6BFF1B2}.MinSizeRel|x64.Build.0 = MinSizeRel|x64
		{DB3098B6-6CFA-3AB7-BD88-6064A6BFF1B2}.RelWithDebInfo|x64.ActiveCfg = RelWithDebInfo|x64
		{DB3098B6-6CFA-3AB7-BD88-6064A6BFF1B2}.RelWithDebInfo|x64.Build.0 = RelWithDebInfo|x64
		{4195F487-E517-387A-8936-DE055525D321}.Debug|x64.ActiveCfg = Debug|x64
		{4195F487-E517-387A-8936-DE055525D321}.Debug|x64.Build.0 = Debug|x64
		{4195F487-E517-387A-8936-DE055525D321}.Release|x64.ActiveCfg = Release|x64
		{4195F487-E517-387A-8936-DE055525D321}.Release|x64.Build.0 = Release|x64
		{4195F487-E517-387A-8936-DE055525D321}.MinSizeRel|x64.ActiveCfg = MinSizeRel|x64
		{4195F487-E517-387A-8936-DE055525D321}.MinSizeRel|x64.Build.0 = MinSizeRel|x64
		{4195F487-E517-387A-8936-DE055525D321}.RelWithDebInfo|x64.ActiveCfg = RelWithDebInfo|x64
		{4195F487-E517-387A-8936-DE055525D321}.RelWithDebInfo|x64.Build.0 = RelWithDebInfo|x64
		{E9EB5D3E-6AC0-3BCE-8D5A-5C572E2B6108}.Debug|x64.ActiveCfg = Debug|x64
		{E9EB5D3E-6AC0-3BCE-8D5A-5C572E2B6108}.Debug|x64.Build.0 = Debug|x64
		{E9EB5D3E-6AC0-3BCE-8D5A-5C572E2B6108}.Release|x64.ActiveCfg = Release|x64
		{E9EB5D3E-6AC0-3BCE-8D5A-5C572E2B6108}.Release|x64.Build.0 = Release|x64
		{E9EB5D3E-6AC0-3BCE-8D5A-5C572E2B6108}.MinSizeRel|x64.ActiveCfg = MinSizeRel|x64
		{E9EB5D3E-6AC0-3BCE-8D5A-5C572E2B6108}.MinSizeRel|x64.Build.0 = MinSizeRel|x64
		{E9EB5D3E-6AC0-3BCE-8D5A-5C572E2B6108}.RelWithDebInfo|x64.ActiveCfg = RelWithDebInfo|x64
		{E9EB5D3E-6AC0-3BCE-8D5A-5C572E2B6108}.RelWithDebInfo|x64.Build.0 = RelWithDebInfo|x64
	EndGlobalSection
	GlobalSection(ExtensibilityGlobals) = postSolution
		SolutionGuid = {066DA316-84E8-3F80-8982-49538C2406B0}
	EndGlobalSection
	GlobalSection(ExtensibilityAddIns) = postSolution
	EndGlobalSection
EndGlobal
